// !$*UTF8*$!
{
	archiveVersion = 1;
	classes = {
	};
	objectVersion = 50;
	objects = {

/* Begin PBXBuildFile section */
		509F228F227821550042AADA /* CDirector.m in Sources */ = {isa = PBXBuildFile; fileRef = 509F228E227821550042AADA /* CDirector.m */; };
		50E48E6C2277F91B003E868D /* CBike.m in Sources */ = {isa = PBXBuildFile; fileRef = 50E48E6B2277F91B003E868D /* CBike.m */; };
		50E48E752277FB36003E868D /* CMoBikeBuilder.m in Sources */ = {isa = PBXBuildFile; fileRef = 50E48E742277FB36003E868D /* CMoBikeBuilder.m */; };
		50E48E7822781F0E003E868D /* OfoBikeBuilder.m in Sources */ = {isa = PBXBuildFile; fileRef = 50E48E7722781F0E003E868D /* OfoBikeBuilder.m */; };
		64C5D2F7226FCE3200404D1F /* AppDelegate.m in Sources */ = {isa = PBXBuildFile; fileRef = 64C5D2F6226FCE3200404D1F /* AppDelegate.m */; };
		64C5D2FA226FCE3200404D1F /* ViewController.m in Sources */ = {isa = PBXBuildFile; fileRef = 64C5D2F9226FCE3200404D1F /* ViewController.m */; };
		64C5D2FD226FCE3200404D1F /* Main.storyboard in Resources */ = {isa = PBXBuildFile; fileRef = 64C5D2FB226FCE3200404D1F /* Main.storyboard */; };
		64C5D2FF226FCE3400404D1F /* Assets.xcassets in Resources */ = {isa = PBXBuildFile; fileRef = 64C5D2FE226FCE3400404D1F /* Assets.xcassets */; };
		64C5D302226FCE3400404D1F /* LaunchScreen.storyboard in Resources */ = {isa = PBXBuildFile; fileRef = 64C5D300226FCE3400404D1F /* LaunchScreen.storyboard */; };
		64C5D305226FCE3400404D1F /* main.m in Sources */ = {isa = PBXBuildFile; fileRef = 64C5D304226FCE3400404D1F /* main.m */; };
		64C5D30F226FCE3400404D1F /* DesignPatternTests.m in Sources */ = {isa = PBXBuildFile; fileRef = 64C5D30E226FCE3400404D1F /* DesignPatternTests.m */; };
		64C5D31A226FCE3400404D1F /* DesignPatternUITests.m in Sources */ = {isa = PBXBuildFile; fileRef = 64C5D319226FCE3400404D1F /* DesignPatternUITests.m */; };
		64C5D32B226FD0A200404D1F /* CombinationVertex.m in Sources */ = {isa = PBXBuildFile; fileRef = 64C5D32A226FD0A200404D1F /* CombinationVertex.m */; };
		64C5D32E226FD11300404D1F /* CombinationDot.m in Sources */ = {isa = PBXBuildFile; fileRef = 64C5D32D226FD11300404D1F /* CombinationDot.m */; };
		64C5D331226FD12D00404D1F /* CombinationStroke.m in Sources */ = {isa = PBXBuildFile; fileRef = 64C5D330226FD12D00404D1F /* CombinationStroke.m */; };
		F237755722851ADE000B1FB9 /* ConcreteColleagueA.m in Sources */ = {isa = PBXBuildFile; fileRef = F237755622851ADE000B1FB9 /* ConcreteColleagueA.m */; };
		F237755A22854C37000B1FB9 /* ConcreteColleagueB.m in Sources */ = {isa = PBXBuildFile; fileRef = F237755922854C37000B1FB9 /* ConcreteColleagueB.m */; };
		F2488F5322967EE500FE24F5 /* TornCake.m in Sources */ = {isa = PBXBuildFile; fileRef = F2488F5222967EE400FE24F5 /* TornCake.m */; };
		F2488F562296807400FE24F5 /* PanCake.m in Sources */ = {isa = PBXBuildFile; fileRef = F2488F552296807400FE24F5 /* PanCake.m */; };
		F2488F592296830C00FE24F5 /* Roujiamo.m in Sources */ = {isa = PBXBuildFile; fileRef = F2488F582296830C00FE24F5 /* Roujiamo.m */; };
		F2488F5C2296858B00FE24F5 /* Condiment.m in Sources */ = {isa = PBXBuildFile; fileRef = F2488F5B2296858A00FE24F5 /* Condiment.m */; };
		F2488F5F22968A2600FE24F5 /* FiredEgg.m in Sources */ = {isa = PBXBuildFile; fileRef = F2488F5E22968A2600FE24F5 /* FiredEgg.m */; };
		F2488F6222968A3D00FE24F5 /* Ham.m in Sources */ = {isa = PBXBuildFile; fileRef = F2488F6122968A3D00FE24F5 /* Ham.m */; };
		F24B1E6922827AED00590773 /* Usber.m in Sources */ = {isa = PBXBuildFile; fileRef = F24B1E6822827AED00590773 /* Usber.m */; };
		F24B1E6C22827BBA00590773 /* ClassAdapter.m in Sources */ = {isa = PBXBuildFile; fileRef = F24B1E6B22827BBA00590773 /* ClassAdapter.m */; };
		F24B1E7022827F6D00590773 /* ObjectAdapter.m in Sources */ = {isa = PBXBuildFile; fileRef = F24B1E6F22827F6D00590773 /* ObjectAdapter.m */; };
		F24B1E752282829C00590773 /* AbstractAdapter.m in Sources */ = {isa = PBXBuildFile; fileRef = F24B1E742282829C00590773 /* AbstractAdapter.m */; };
		F24B1E78228282E900590773 /* Ashili.m in Sources */ = {isa = PBXBuildFile; fileRef = F24B1E77228282E900590773 /* Ashili.m */; };
		F24B1E7D2282C4C200590773 /* GameBoyEmulator.m in Sources */ = {isa = PBXBuildFile; fileRef = F24B1E7C2282C4C200590773 /* GameBoyEmulator.m */; };
		F24B1E802282C51500590773 /* GameGearEmulator.m in Sources */ = {isa = PBXBuildFile; fileRef = F24B1E7F2282C51500590773 /* GameGearEmulator.m */; };
		F24B1E832282C58D00590773 /* ConsoleController.m in Sources */ = {isa = PBXBuildFile; fileRef = F24B1E822282C58D00590773 /* ConsoleController.m */; };
		F24B1E862282C66600590773 /* TouchConsoleController.m in Sources */ = {isa = PBXBuildFile; fileRef = F24B1E852282C66600590773 /* TouchConsoleController.m */; };
		F2557CBC2295376000BE739D /* ConsumerBill.m in Sources */ = {isa = PBXBuildFile; fileRef = F2557CBB2295376000BE739D /* ConsumerBill.m */; };
		F2557CBF2295393D00BE739D /* IncomeBill.m in Sources */ = {isa = PBXBuildFile; fileRef = F2557CBE2295393D00BE739D /* IncomeBill.m */; };
		F2557CC222953CF700BE739D /* Boss.m in Sources */ = {isa = PBXBuildFile; fileRef = F2557CC122953CF700BE739D /* Boss.m */; };
		F2557CC522953D4800BE739D /* Accounting.m in Sources */ = {isa = PBXBuildFile; fileRef = F2557CC422953D4800BE739D /* Accounting.m */; };
		F2557CCC22954F0300BE739D /* AccountBookStructure.m in Sources */ = {isa = PBXBuildFile; fileRef = F2557CCB22954F0300BE739D /* AccountBookStructure.m */; };
		F25DF0192297C62C00EC2D0E /* CrystalShield.m in Sources */ = {isa = PBXBuildFile; fileRef = F25DF0182297C62C00EC2D0E /* CrystalShield.m */; };
		F25DF01C2297C64100EC2D0E /* Avatar.m in Sources */ = {isa = PBXBuildFile; fileRef = F25DF01B2297C64100EC2D0E /* Avatar.m */; };
		F28FDE962283C30D0086F58D /* FacadeCpu.m in Sources */ = {isa = PBXBuildFile; fileRef = F28FDE952283C30D0086F58D /* FacadeCpu.m */; };
		F28FDE9A2283C3DC0086F58D /* FacadeDisk.m in Sources */ = {isa = PBXBuildFile; fileRef = F28FDE992283C3DC0086F58D /* FacadeDisk.m */; };
		F28FDE9D2283C4520086F58D /* FacadeMotherboard.m in Sources */ = {isa = PBXBuildFile; fileRef = F28FDE9C2283C4520086F58D /* FacadeMotherboard.m */; };
		F28FDEA02283C4960086F58D /* FacadeComputerFunction.m in Sources */ = {isa = PBXBuildFile; fileRef = F28FDE9F2283C4960086F58D /* FacadeComputerFunction.m */; };
		F28FDEA32283C51D0086F58D /* FacadeComputer.m in Sources */ = {isa = PBXBuildFile; fileRef = F28FDEA22283C51D0086F58D /* FacadeComputer.m */; };
		F28FDEA7228405A00086F58D /* AbstractMediator.m in Sources */ = {isa = PBXBuildFile; fileRef = F28FDEA6228405A00086F58D /* AbstractMediator.m */; };
		F28FDEAA2284062B0086F58D /* AbstractColleague.m in Sources */ = {isa = PBXBuildFile; fileRef = F28FDEA92284062B0086F58D /* AbstractColleague.m */; };
		F28FDEAD2284068B0086F58D /* ConcreteMediator.m in Sources */ = {isa = PBXBuildFile; fileRef = F28FDEAC2284068B0086F58D /* ConcreteMediator.m */; };
		F2CF21A322978DA100358C7D /* Attack.m in Sources */ = {isa = PBXBuildFile; fileRef = F2CF21A222978DA100358C7D /* Attack.m */; };
		F2CF21A622978DE900358C7D /* SwordAttack.m in Sources */ = {isa = PBXBuildFile; fileRef = F2CF21A522978DE900358C7D /* SwordAttack.m */; };
		F2CF21A922978E0600358C7D /* MagicFireAttack.m in Sources */ = {isa = PBXBuildFile; fileRef = F2CF21A822978E0600358C7D /* MagicFireAttack.m */; };
		F2CF21AC22978E1700358C7D /* LightingAttack.m in Sources */ = {isa = PBXBuildFile; fileRef = F2CF21AB22978E1700358C7D /* LightingAttack.m */; };
		F2CF21AF22978E3C00358C7D /* AttackHandler.m in Sources */ = {isa = PBXBuildFile; fileRef = F2CF21AE22978E3C00358C7D /* AttackHandler.m */; };
		F2CF21B222978FA100358C7D /* MetalArmor.m in Sources */ = {isa = PBXBuildFile; fileRef = F2CF21B122978FA100358C7D /* MetalArmor.m */; };
/* End PBXBuildFile section */

/* Begin PBXContainerItemProxy section */
		64C5D30B226FCE3400404D1F /* PBXContainerItemProxy */ = {
			isa = PBXContainerItemProxy;
			containerPortal = 64C5D2EA226FCE3200404D1F /* Project object */;
			proxyType = 1;
			remoteGlobalIDString = 64C5D2F1226FCE3200404D1F;
			remoteInfo = DesignPattern;
		};
		64C5D316226FCE3400404D1F /* PBXContainerItemProxy */ = {
			isa = PBXContainerItemProxy;
			containerPortal = 64C5D2EA226FCE3200404D1F /* Project object */;
			proxyType = 1;
			remoteGlobalIDString = 64C5D2F1226FCE3200404D1F;
			remoteInfo = DesignPattern;
		};
/* End PBXContainerItemProxy section */

/* Begin PBXFileReference section */
		509F228D227821550042AADA /* CDirector.h */ = {isa = PBXFileReference; lastKnownFileType = sourcecode.c.h; path = CDirector.h; sourceTree = "<group>"; };
		509F228E227821550042AADA /* CDirector.m */ = {isa = PBXFileReference; lastKnownFileType = sourcecode.c.objc; path = CDirector.m; sourceTree = "<group>"; };
		50E48E6A2277F91B003E868D /* CBike.h */ = {isa = PBXFileReference; lastKnownFileType = sourcecode.c.h; path = CBike.h; sourceTree = "<group>"; };
		50E48E6B2277F91B003E868D /* CBike.m */ = {isa = PBXFileReference; lastKnownFileType = sourcecode.c.objc; path = CBike.m; sourceTree = "<group>"; };
		50E48E732277FB36003E868D /* CMoBikeBuilder.h */ = {isa = PBXFileReference; lastKnownFileType = sourcecode.c.h; path = CMoBikeBuilder.h; sourceTree = "<group>"; };
		50E48E742277FB36003E868D /* CMoBikeBuilder.m */ = {isa = PBXFileReference; lastKnownFileType = sourcecode.c.objc; path = CMoBikeBuilder.m; sourceTree = "<group>"; };
		50E48E7622781F0E003E868D /* OfoBikeBuilder.h */ = {isa = PBXFileReference; lastKnownFileType = sourcecode.c.h; path = OfoBikeBuilder.h; sourceTree = "<group>"; };
		50E48E7722781F0E003E868D /* OfoBikeBuilder.m */ = {isa = PBXFileReference; lastKnownFileType = sourcecode.c.objc; path = OfoBikeBuilder.m; sourceTree = "<group>"; };
		50E48E7922781FD0003E868D /* CBuilder.h */ = {isa = PBXFileReference; lastKnownFileType = sourcecode.c.h; path = CBuilder.h; sourceTree = "<group>"; };
		64868A6F2272734500F89401 /* MarkHeader.h */ = {isa = PBXFileReference; lastKnownFileType = sourcecode.c.h; path = MarkHeader.h; sourceTree = "<group>"; };
		64C5D2F2226FCE3200404D1F /* DesignPattern.app */ = {isa = PBXFileReference; explicitFileType = wrapper.application; includeInIndex = 0; path = DesignPattern.app; sourceTree = BUILT_PRODUCTS_DIR; };
		64C5D2F5226FCE3200404D1F /* AppDelegate.h */ = {isa = PBXFileReference; lastKnownFileType = sourcecode.c.h; path = AppDelegate.h; sourceTree = "<group>"; };
		64C5D2F6226FCE3200404D1F /* AppDelegate.m */ = {isa = PBXFileReference; lastKnownFileType = sourcecode.c.objc; path = AppDelegate.m; sourceTree = "<group>"; };
		64C5D2F8226FCE3200404D1F /* ViewController.h */ = {isa = PBXFileReference; lastKnownFileType = sourcecode.c.h; path = ViewController.h; sourceTree = "<group>"; };
		64C5D2F9226FCE3200404D1F /* ViewController.m */ = {isa = PBXFileReference; lastKnownFileType = sourcecode.c.objc; path = ViewController.m; sourceTree = "<group>"; };
		64C5D2FC226FCE3200404D1F /* Base */ = {isa = PBXFileReference; lastKnownFileType = file.storyboard; name = Base; path = Base.lproj/Main.storyboard; sourceTree = "<group>"; };
		64C5D2FE226FCE3400404D1F /* Assets.xcassets */ = {isa = PBXFileReference; lastKnownFileType = folder.assetcatalog; path = Assets.xcassets; sourceTree = "<group>"; };
		64C5D301226FCE3400404D1F /* Base */ = {isa = PBXFileReference; lastKnownFileType = file.storyboard; name = Base; path = Base.lproj/LaunchScreen.storyboard; sourceTree = "<group>"; };
		64C5D303226FCE3400404D1F /* Info.plist */ = {isa = PBXFileReference; lastKnownFileType = text.plist.xml; path = Info.plist; sourceTree = "<group>"; };
		64C5D304226FCE3400404D1F /* main.m */ = {isa = PBXFileReference; lastKnownFileType = sourcecode.c.objc; path = main.m; sourceTree = "<group>"; };
		64C5D30A226FCE3400404D1F /* DesignPatternTests.xctest */ = {isa = PBXFileReference; explicitFileType = wrapper.cfbundle; includeInIndex = 0; path = DesignPatternTests.xctest; sourceTree = BUILT_PRODUCTS_DIR; };
		64C5D30E226FCE3400404D1F /* DesignPatternTests.m */ = {isa = PBXFileReference; lastKnownFileType = sourcecode.c.objc; path = DesignPatternTests.m; sourceTree = "<group>"; };
		64C5D310226FCE3400404D1F /* Info.plist */ = {isa = PBXFileReference; lastKnownFileType = text.plist.xml; path = Info.plist; sourceTree = "<group>"; };
		64C5D315226FCE3400404D1F /* DesignPatternUITests.xctest */ = {isa = PBXFileReference; explicitFileType = wrapper.cfbundle; includeInIndex = 0; path = DesignPatternUITests.xctest; sourceTree = BUILT_PRODUCTS_DIR; };
		64C5D319226FCE3400404D1F /* DesignPatternUITests.m */ = {isa = PBXFileReference; lastKnownFileType = sourcecode.c.objc; path = DesignPatternUITests.m; sourceTree = "<group>"; };
		64C5D31B226FCE3400404D1F /* Info.plist */ = {isa = PBXFileReference; lastKnownFileType = text.plist.xml; path = Info.plist; sourceTree = "<group>"; };
		64C5D328226FCE8600404D1F /* CombinationMark.h */ = {isa = PBXFileReference; lastKnownFileType = sourcecode.c.h; path = CombinationMark.h; sourceTree = "<group>"; };
		64C5D329226FD0A200404D1F /* CombinationVertex.h */ = {isa = PBXFileReference; lastKnownFileType = sourcecode.c.h; path = CombinationVertex.h; sourceTree = "<group>"; };
		64C5D32A226FD0A200404D1F /* CombinationVertex.m */ = {isa = PBXFileReference; lastKnownFileType = sourcecode.c.objc; path = CombinationVertex.m; sourceTree = "<group>"; };
		64C5D32C226FD11300404D1F /* CombinationDot.h */ = {isa = PBXFileReference; lastKnownFileType = sourcecode.c.h; path = CombinationDot.h; sourceTree = "<group>"; };
		64C5D32D226FD11300404D1F /* CombinationDot.m */ = {isa = PBXFileReference; lastKnownFileType = sourcecode.c.objc; path = CombinationDot.m; sourceTree = "<group>"; };
		64C5D32F226FD12D00404D1F /* CombinationStroke.h */ = {isa = PBXFileReference; lastKnownFileType = sourcecode.c.h; path = CombinationStroke.h; sourceTree = "<group>"; };
		64C5D330226FD12D00404D1F /* CombinationStroke.m */ = {isa = PBXFileReference; lastKnownFileType = sourcecode.c.objc; path = CombinationStroke.m; sourceTree = "<group>"; };
		F237755522851ADE000B1FB9 /* ConcreteColleagueA.h */ = {isa = PBXFileReference; lastKnownFileType = sourcecode.c.h; path = ConcreteColleagueA.h; sourceTree = "<group>"; };
		F237755622851ADE000B1FB9 /* ConcreteColleagueA.m */ = {isa = PBXFileReference; lastKnownFileType = sourcecode.c.objc; path = ConcreteColleagueA.m; sourceTree = "<group>"; };
		F237755822854C37000B1FB9 /* ConcreteColleagueB.h */ = {isa = PBXFileReference; lastKnownFileType = sourcecode.c.h; path = ConcreteColleagueB.h; sourceTree = "<group>"; };
		F237755922854C37000B1FB9 /* ConcreteColleagueB.m */ = {isa = PBXFileReference; lastKnownFileType = sourcecode.c.objc; path = ConcreteColleagueB.m; sourceTree = "<group>"; };
		F2488F5122967EE400FE24F5 /* TornCake.h */ = {isa = PBXFileReference; lastKnownFileType = sourcecode.c.h; path = TornCake.h; sourceTree = "<group>"; };
		F2488F5222967EE400FE24F5 /* TornCake.m */ = {isa = PBXFileReference; lastKnownFileType = sourcecode.c.objc; path = TornCake.m; sourceTree = "<group>"; };
		F2488F542296807400FE24F5 /* PanCake.h */ = {isa = PBXFileReference; lastKnownFileType = sourcecode.c.h; path = PanCake.h; sourceTree = "<group>"; };
		F2488F552296807400FE24F5 /* PanCake.m */ = {isa = PBXFileReference; lastKnownFileType = sourcecode.c.objc; path = PanCake.m; sourceTree = "<group>"; };
		F2488F572296830C00FE24F5 /* Roujiamo.h */ = {isa = PBXFileReference; lastKnownFileType = sourcecode.c.h; path = Roujiamo.h; sourceTree = "<group>"; };
		F2488F582296830C00FE24F5 /* Roujiamo.m */ = {isa = PBXFileReference; lastKnownFileType = sourcecode.c.objc; path = Roujiamo.m; sourceTree = "<group>"; };
		F2488F5A2296858A00FE24F5 /* Condiment.h */ = {isa = PBXFileReference; lastKnownFileType = sourcecode.c.h; path = Condiment.h; sourceTree = "<group>"; };
		F2488F5B2296858A00FE24F5 /* Condiment.m */ = {isa = PBXFileReference; lastKnownFileType = sourcecode.c.objc; path = Condiment.m; sourceTree = "<group>"; };
		F2488F5D22968A2600FE24F5 /* FiredEgg.h */ = {isa = PBXFileReference; lastKnownFileType = sourcecode.c.h; path = FiredEgg.h; sourceTree = "<group>"; };
		F2488F5E22968A2600FE24F5 /* FiredEgg.m */ = {isa = PBXFileReference; lastKnownFileType = sourcecode.c.objc; path = FiredEgg.m; sourceTree = "<group>"; };
		F2488F6022968A3D00FE24F5 /* Ham.h */ = {isa = PBXFileReference; lastKnownFileType = sourcecode.c.h; path = Ham.h; sourceTree = "<group>"; };
		F2488F6122968A3D00FE24F5 /* Ham.m */ = {isa = PBXFileReference; lastKnownFileType = sourcecode.c.objc; path = Ham.m; sourceTree = "<group>"; };
		F24B1E6522827A9D00590773 /* PS2.h */ = {isa = PBXFileReference; lastKnownFileType = sourcecode.c.h; path = PS2.h; sourceTree = "<group>"; };
		F24B1E6622827AAC00590773 /* USB.h */ = {isa = PBXFileReference; lastKnownFileType = sourcecode.c.h; path = USB.h; sourceTree = "<group>"; };
		F24B1E6722827AED00590773 /* Usber.h */ = {isa = PBXFileReference; lastKnownFileType = sourcecode.c.h; path = Usber.h; sourceTree = "<group>"; };
		F24B1E6822827AED00590773 /* Usber.m */ = {isa = PBXFileReference; lastKnownFileType = sourcecode.c.objc; path = Usber.m; sourceTree = "<group>"; };
		F24B1E6A22827BBA00590773 /* ClassAdapter.h */ = {isa = PBXFileReference; lastKnownFileType = sourcecode.c.h; path = ClassAdapter.h; sourceTree = "<group>"; };
		F24B1E6B22827BBA00590773 /* ClassAdapter.m */ = {isa = PBXFileReference; lastKnownFileType = sourcecode.c.objc; path = ClassAdapter.m; sourceTree = "<group>"; };
		F24B1E6E22827F6D00590773 /* ObjectAdapter.h */ = {isa = PBXFileReference; lastKnownFileType = sourcecode.c.h; path = ObjectAdapter.h; sourceTree = "<group>"; };
		F24B1E6F22827F6D00590773 /* ObjectAdapter.m */ = {isa = PBXFileReference; lastKnownFileType = sourcecode.c.objc; path = ObjectAdapter.m; sourceTree = "<group>"; };
		F24B1E722282824600590773 /* AProtocol.h */ = {isa = PBXFileReference; lastKnownFileType = sourcecode.c.h; path = AProtocol.h; sourceTree = "<group>"; };
		F24B1E732282829C00590773 /* AbstractAdapter.h */ = {isa = PBXFileReference; lastKnownFileType = sourcecode.c.h; path = AbstractAdapter.h; sourceTree = "<group>"; };
		F24B1E742282829C00590773 /* AbstractAdapter.m */ = {isa = PBXFileReference; lastKnownFileType = sourcecode.c.objc; path = AbstractAdapter.m; sourceTree = "<group>"; };
		F24B1E76228282E900590773 /* Ashili.h */ = {isa = PBXFileReference; lastKnownFileType = sourcecode.c.h; path = Ashili.h; sourceTree = "<group>"; };
		F24B1E77228282E900590773 /* Ashili.m */ = {isa = PBXFileReference; lastKnownFileType = sourcecode.c.objc; path = Ashili.m; sourceTree = "<group>"; };
		F24B1E7A2282C37C00590773 /* ConsoleCommands.h */ = {isa = PBXFileReference; lastKnownFileType = sourcecode.c.h; path = ConsoleCommands.h; sourceTree = "<group>"; };
		F24B1E7B2282C4C200590773 /* GameBoyEmulator.h */ = {isa = PBXFileReference; lastKnownFileType = sourcecode.c.h; path = GameBoyEmulator.h; sourceTree = "<group>"; };
		F24B1E7C2282C4C200590773 /* GameBoyEmulator.m */ = {isa = PBXFileReference; lastKnownFileType = sourcecode.c.objc; path = GameBoyEmulator.m; sourceTree = "<group>"; };
		F24B1E7E2282C51500590773 /* GameGearEmulator.h */ = {isa = PBXFileReference; lastKnownFileType = sourcecode.c.h; path = GameGearEmulator.h; sourceTree = "<group>"; };
		F24B1E7F2282C51500590773 /* GameGearEmulator.m */ = {isa = PBXFileReference; lastKnownFileType = sourcecode.c.objc; path = GameGearEmulator.m; sourceTree = "<group>"; };
		F24B1E812282C58D00590773 /* ConsoleController.h */ = {isa = PBXFileReference; lastKnownFileType = sourcecode.c.h; path = ConsoleController.h; sourceTree = "<group>"; };
		F24B1E822282C58D00590773 /* ConsoleController.m */ = {isa = PBXFileReference; lastKnownFileType = sourcecode.c.objc; path = ConsoleController.m; sourceTree = "<group>"; };
		F24B1E842282C66600590773 /* TouchConsoleController.h */ = {isa = PBXFileReference; lastKnownFileType = sourcecode.c.h; path = TouchConsoleController.h; sourceTree = "<group>"; };
		F24B1E852282C66600590773 /* TouchConsoleController.m */ = {isa = PBXFileReference; lastKnownFileType = sourcecode.c.objc; path = TouchConsoleController.m; sourceTree = "<group>"; };
		F2557CB8229536AF00BE739D /* Bill.h */ = {isa = PBXFileReference; lastKnownFileType = sourcecode.c.h; path = Bill.h; sourceTree = "<group>"; };
		F2557CB92295372E00BE739D /* AccountBook.h */ = {isa = PBXFileReference; lastKnownFileType = sourcecode.c.h; path = AccountBook.h; sourceTree = "<group>"; };
		F2557CBA2295376000BE739D /* ConsumerBill.h */ = {isa = PBXFileReference; lastKnownFileType = sourcecode.c.h; path = ConsumerBill.h; sourceTree = "<group>"; };
		F2557CBB2295376000BE739D /* ConsumerBill.m */ = {isa = PBXFileReference; lastKnownFileType = sourcecode.c.objc; path = ConsumerBill.m; sourceTree = "<group>"; };
		F2557CBD2295393D00BE739D /* IncomeBill.h */ = {isa = PBXFileReference; lastKnownFileType = sourcecode.c.h; path = IncomeBill.h; sourceTree = "<group>"; };
		F2557CBE2295393D00BE739D /* IncomeBill.m */ = {isa = PBXFileReference; lastKnownFileType = sourcecode.c.objc; path = IncomeBill.m; sourceTree = "<group>"; };
		F2557CC022953CF700BE739D /* Boss.h */ = {isa = PBXFileReference; lastKnownFileType = sourcecode.c.h; path = Boss.h; sourceTree = "<group>"; };
		F2557CC122953CF700BE739D /* Boss.m */ = {isa = PBXFileReference; lastKnownFileType = sourcecode.c.objc; path = Boss.m; sourceTree = "<group>"; };
		F2557CC322953D4800BE739D /* Accounting.h */ = {isa = PBXFileReference; lastKnownFileType = sourcecode.c.h; path = Accounting.h; sourceTree = "<group>"; };
		F2557CC422953D4800BE739D /* Accounting.m */ = {isa = PBXFileReference; lastKnownFileType = sourcecode.c.objc; path = Accounting.m; sourceTree = "<group>"; };
		F2557CCA22954F0300BE739D /* AccountBookStructure.h */ = {isa = PBXFileReference; lastKnownFileType = sourcecode.c.h; path = AccountBookStructure.h; sourceTree = "<group>"; };
		F2557CCB22954F0300BE739D /* AccountBookStructure.m */ = {isa = PBXFileReference; lastKnownFileType = sourcecode.c.objc; path = AccountBookStructure.m; sourceTree = "<group>"; };
		F25DF0172297C62C00EC2D0E /* CrystalShield.h */ = {isa = PBXFileReference; lastKnownFileType = sourcecode.c.h; path = CrystalShield.h; sourceTree = "<group>"; };
		F25DF0182297C62C00EC2D0E /* CrystalShield.m */ = {isa = PBXFileReference; lastKnownFileType = sourcecode.c.objc; path = CrystalShield.m; sourceTree = "<group>"; };
		F25DF01A2297C64100EC2D0E /* Avatar.h */ = {isa = PBXFileReference; lastKnownFileType = sourcecode.c.h; path = Avatar.h; sourceTree = "<group>"; };
		F25DF01B2297C64100EC2D0E /* Avatar.m */ = {isa = PBXFileReference; lastKnownFileType = sourcecode.c.objc; path = Avatar.m; sourceTree = "<group>"; };
		F28FDE942283C30D0086F58D /* FacadeCpu.h */ = {isa = PBXFileReference; lastKnownFileType = sourcecode.c.h; path = FacadeCpu.h; sourceTree = "<group>"; };
		F28FDE952283C30D0086F58D /* FacadeCpu.m */ = {isa = PBXFileReference; lastKnownFileType = sourcecode.c.objc; path = FacadeCpu.m; sourceTree = "<group>"; };
		F28FDE982283C3DC0086F58D /* FacadeDisk.h */ = {isa = PBXFileReference; lastKnownFileType = sourcecode.c.h; path = FacadeDisk.h; sourceTree = "<group>"; };
		F28FDE992283C3DC0086F58D /* FacadeDisk.m */ = {isa = PBXFileReference; lastKnownFileType = sourcecode.c.objc; path = FacadeDisk.m; sourceTree = "<group>"; };
		F28FDE9B2283C4520086F58D /* FacadeMotherboard.h */ = {isa = PBXFileReference; lastKnownFileType = sourcecode.c.h; path = FacadeMotherboard.h; sourceTree = "<group>"; };
		F28FDE9C2283C4520086F58D /* FacadeMotherboard.m */ = {isa = PBXFileReference; lastKnownFileType = sourcecode.c.objc; path = FacadeMotherboard.m; sourceTree = "<group>"; };
		F28FDE9E2283C4960086F58D /* FacadeComputerFunction.h */ = {isa = PBXFileReference; lastKnownFileType = sourcecode.c.h; path = FacadeComputerFunction.h; sourceTree = "<group>"; };
		F28FDE9F2283C4960086F58D /* FacadeComputerFunction.m */ = {isa = PBXFileReference; lastKnownFileType = sourcecode.c.objc; path = FacadeComputerFunction.m; sourceTree = "<group>"; };
		F28FDEA12283C51D0086F58D /* FacadeComputer.h */ = {isa = PBXFileReference; lastKnownFileType = sourcecode.c.h; path = FacadeComputer.h; sourceTree = "<group>"; };
		F28FDEA22283C51D0086F58D /* FacadeComputer.m */ = {isa = PBXFileReference; lastKnownFileType = sourcecode.c.objc; path = FacadeComputer.m; sourceTree = "<group>"; };
		F28FDEA5228405A00086F58D /* AbstractMediator.h */ = {isa = PBXFileReference; lastKnownFileType = sourcecode.c.h; path = AbstractMediator.h; sourceTree = "<group>"; };
		F28FDEA6228405A00086F58D /* AbstractMediator.m */ = {isa = PBXFileReference; lastKnownFileType = sourcecode.c.objc; path = AbstractMediator.m; sourceTree = "<group>"; };
		F28FDEA82284062B0086F58D /* AbstractColleague.h */ = {isa = PBXFileReference; lastKnownFileType = sourcecode.c.h; path = AbstractColleague.h; sourceTree = "<group>"; };
		F28FDEA92284062B0086F58D /* AbstractColleague.m */ = {isa = PBXFileReference; lastKnownFileType = sourcecode.c.objc; path = AbstractColleague.m; sourceTree = "<group>"; };
		F28FDEAB2284068B0086F58D /* ConcreteMediator.h */ = {isa = PBXFileReference; lastKnownFileType = sourcecode.c.h; path = ConcreteMediator.h; sourceTree = "<group>"; };
		F28FDEAC2284068B0086F58D /* ConcreteMediator.m */ = {isa = PBXFileReference; lastKnownFileType = sourcecode.c.objc; path = ConcreteMediator.m; sourceTree = "<group>"; };
		F2CF21A122978DA100358C7D /* Attack.h */ = {isa = PBXFileReference; lastKnownFileType = sourcecode.c.h; path = Attack.h; sourceTree = "<group>"; };
		F2CF21A222978DA100358C7D /* Attack.m */ = {isa = PBXFileReference; lastKnownFileType = sourcecode.c.objc; path = Attack.m; sourceTree = "<group>"; };
		F2CF21A422978DE900358C7D /* SwordAttack.h */ = {isa = PBXFileReference; lastKnownFileType = sourcecode.c.h; path = SwordAttack.h; sourceTree = "<group>"; };
		F2CF21A522978DE900358C7D /* SwordAttack.m */ = {isa = PBXFileReference; lastKnownFileType = sourcecode.c.objc; path = SwordAttack.m; sourceTree = "<group>"; };
		F2CF21A722978E0600358C7D /* MagicFireAttack.h */ = {isa = PBXFileReference; lastKnownFileType = sourcecode.c.h; path = MagicFireAttack.h; sourceTree = "<group>"; };
		F2CF21A822978E0600358C7D /* MagicFireAttack.m */ = {isa = PBXFileReference; lastKnownFileType = sourcecode.c.objc; path = MagicFireAttack.m; sourceTree = "<group>"; };
		F2CF21AA22978E1700358C7D /* LightingAttack.h */ = {isa = PBXFileReference; lastKnownFileType = sourcecode.c.h; path = LightingAttack.h; sourceTree = "<group>"; };
		F2CF21AB22978E1700358C7D /* LightingAttack.m */ = {isa = PBXFileReference; lastKnownFileType = sourcecode.c.objc; path = LightingAttack.m; sourceTree = "<group>"; };
		F2CF21AD22978E3C00358C7D /* AttackHandler.h */ = {isa = PBXFileReference; lastKnownFileType = sourcecode.c.h; path = AttackHandler.h; sourceTree = "<group>"; };
		F2CF21AE22978E3C00358C7D /* AttackHandler.m */ = {isa = PBXFileReference; lastKnownFileType = sourcecode.c.objc; path = AttackHandler.m; sourceTree = "<group>"; };
		F2CF21B022978FA100358C7D /* MetalArmor.h */ = {isa = PBXFileReference; lastKnownFileType = sourcecode.c.h; path = MetalArmor.h; sourceTree = "<group>"; };
		F2CF21B122978FA100358C7D /* MetalArmor.m */ = {isa = PBXFileReference; lastKnownFileType = sourcecode.c.objc; path = MetalArmor.m; sourceTree = "<group>"; };
/* End PBXFileReference section */

/* Begin PBXFrameworksBuildPhase section */
		64C5D2EF226FCE3200404D1F /* Frameworks */ = {
			isa = PBXFrameworksBuildPhase;
			buildActionMask = 2147483647;
			files = (
			);
			runOnlyForDeploymentPostprocessing = 0;
		};
		64C5D307226FCE3400404D1F /* Frameworks */ = {
			isa = PBXFrameworksBuildPhase;
			buildActionMask = 2147483647;
			files = (
			);
			runOnlyForDeploymentPostprocessing = 0;
		};
		64C5D312226FCE3400404D1F /* Frameworks */ = {
			isa = PBXFrameworksBuildPhase;
			buildActionMask = 2147483647;
			files = (
			);
			runOnlyForDeploymentPostprocessing = 0;
		};
/* End PBXFrameworksBuildPhase section */

/* Begin PBXGroup section */
		50E48E692277F8E0003E868D /* 创建者模式 */ = {
			isa = PBXGroup;
			children = (
				50E48E6A2277F91B003E868D /* CBike.h */,
				50E48E6B2277F91B003E868D /* CBike.m */,
				50E48E7922781FD0003E868D /* CBuilder.h */,
				50E48E732277FB36003E868D /* CMoBikeBuilder.h */,
				50E48E742277FB36003E868D /* CMoBikeBuilder.m */,
				50E48E7622781F0E003E868D /* OfoBikeBuilder.h */,
				50E48E7722781F0E003E868D /* OfoBikeBuilder.m */,
				509F228D227821550042AADA /* CDirector.h */,
				509F228E227821550042AADA /* CDirector.m */,
			);
			path = "创建者模式";
			sourceTree = "<group>";
		};
		64C5D2E9226FCE3200404D1F = {
			isa = PBXGroup;
			children = (
				64C5D2F4226FCE3200404D1F /* DesignPattern */,
				64C5D30D226FCE3400404D1F /* DesignPatternTests */,
				64C5D318226FCE3400404D1F /* DesignPatternUITests */,
				64C5D2F3226FCE3200404D1F /* Products */,
			);
			sourceTree = "<group>";
		};
		64C5D2F3226FCE3200404D1F /* Products */ = {
			isa = PBXGroup;
			children = (
				64C5D2F2226FCE3200404D1F /* DesignPattern.app */,
				64C5D30A226FCE3400404D1F /* DesignPatternTests.xctest */,
				64C5D315226FCE3400404D1F /* DesignPatternUITests.xctest */,
			);
			name = Products;
			sourceTree = "<group>";
		};
		64C5D2F4226FCE3200404D1F /* DesignPattern */ = {
			isa = PBXGroup;
			children = (
				F25DF01D2297F26100EC2D0E /* 模板模式 */,
				F2CF21A022978D7900358C7D /* 责任链模式 */,
				F2488F4F22967D9500FE24F5 /* 装饰者模式 */,
				F2557CB72295366800BE739D /* 访问者模式 */,
				F28FDEA4228402190086F58D /* 中介者模式 */,
				F28FDE932283C2E80086F58D /* 外观模式 */,
				F24B1E792282C34D00590773 /* 桥接模式 */,
				F24B1E6322827A3A00590773 /* 适配器 */,
				50E48E692277F8E0003E868D /* 创建者模式 */,
				64C5D327226FCE6000404D1F /* 原型 */,
				64C5D2F5226FCE3200404D1F /* AppDelegate.h */,
				64C5D2F6226FCE3200404D1F /* AppDelegate.m */,
				64C5D2F8226FCE3200404D1F /* ViewController.h */,
				64C5D2F9226FCE3200404D1F /* ViewController.m */,
				64C5D2FB226FCE3200404D1F /* Main.storyboard */,
				64C5D2FE226FCE3400404D1F /* Assets.xcassets */,
				64C5D300226FCE3400404D1F /* LaunchScreen.storyboard */,
				64C5D303226FCE3400404D1F /* Info.plist */,
				64C5D304226FCE3400404D1F /* main.m */,
			);
			path = DesignPattern;
			sourceTree = "<group>";
		};
		64C5D30D226FCE3400404D1F /* DesignPatternTests */ = {
			isa = PBXGroup;
			children = (
				64C5D30E226FCE3400404D1F /* DesignPatternTests.m */,
				64C5D310226FCE3400404D1F /* Info.plist */,
			);
			path = DesignPatternTests;
			sourceTree = "<group>";
		};
		64C5D318226FCE3400404D1F /* DesignPatternUITests */ = {
			isa = PBXGroup;
			children = (
				64C5D319226FCE3400404D1F /* DesignPatternUITests.m */,
				64C5D31B226FCE3400404D1F /* Info.plist */,
			);
			path = DesignPatternUITests;
			sourceTree = "<group>";
		};
		64C5D327226FCE6000404D1F /* 原型 */ = {
			isa = PBXGroup;
			children = (
				64C5D328226FCE8600404D1F /* CombinationMark.h */,
				64C5D329226FD0A200404D1F /* CombinationVertex.h */,
				64C5D32A226FD0A200404D1F /* CombinationVertex.m */,
				64C5D32C226FD11300404D1F /* CombinationDot.h */,
				64C5D32D226FD11300404D1F /* CombinationDot.m */,
				64C5D32F226FD12D00404D1F /* CombinationStroke.h */,
				64C5D330226FD12D00404D1F /* CombinationStroke.m */,
				64868A6F2272734500F89401 /* MarkHeader.h */,
			);
			path = "原型";
			sourceTree = "<group>";
		};
		F2488F4F22967D9500FE24F5 /* 装饰者模式 */ = {
			isa = PBXGroup;
			children = (
				F2488F542296807400FE24F5 /* PanCake.h */,
				F2488F552296807400FE24F5 /* PanCake.m */,
				F2488F5122967EE400FE24F5 /* TornCake.h */,
				F2488F5222967EE400FE24F5 /* TornCake.m */,
				F2488F572296830C00FE24F5 /* Roujiamo.h */,
				F2488F582296830C00FE24F5 /* Roujiamo.m */,
				F2488F5A2296858A00FE24F5 /* Condiment.h */,
				F2488F5B2296858A00FE24F5 /* Condiment.m */,
				F2488F5D22968A2600FE24F5 /* FiredEgg.h */,
				F2488F5E22968A2600FE24F5 /* FiredEgg.m */,
				F2488F6022968A3D00FE24F5 /* Ham.h */,
				F2488F6122968A3D00FE24F5 /* Ham.m */,
			);
			path = "装饰者模式";
			sourceTree = "<group>";
		};
		F24B1E6322827A3A00590773 /* 适配器 */ = {
			isa = PBXGroup;
			children = (
				F24B1E6522827A9D00590773 /* PS2.h */,
				F24B1E6622827AAC00590773 /* USB.h */,
				F24B1E712282821E00590773 /* 接口适配（协议） */,
				F24B1E6D22827CBE00590773 /* 对象适配 */,
				F24B1E6422827A6700590773 /* 类适配 */,
			);
			path = "适配器";
			sourceTree = "<group>";
		};
		F24B1E6422827A6700590773 /* 类适配 */ = {
			isa = PBXGroup;
			children = (
				F24B1E6722827AED00590773 /* Usber.h */,
				F24B1E6822827AED00590773 /* Usber.m */,
				F24B1E6A22827BBA00590773 /* ClassAdapter.h */,
				F24B1E6B22827BBA00590773 /* ClassAdapter.m */,
			);
			path = "类适配";
			sourceTree = "<group>";
		};
		F24B1E6D22827CBE00590773 /* 对象适配 */ = {
			isa = PBXGroup;
			children = (
				F24B1E6E22827F6D00590773 /* ObjectAdapter.h */,
				F24B1E6F22827F6D00590773 /* ObjectAdapter.m */,
			);
			path = "对象适配";
			sourceTree = "<group>";
		};
		F24B1E712282821E00590773 /* 接口适配（协议） */ = {
			isa = PBXGroup;
			children = (
				F24B1E722282824600590773 /* AProtocol.h */,
				F24B1E732282829C00590773 /* AbstractAdapter.h */,
				F24B1E742282829C00590773 /* AbstractAdapter.m */,
				F24B1E76228282E900590773 /* Ashili.h */,
				F24B1E77228282E900590773 /* Ashili.m */,
			);
			path = "接口适配（协议）";
			sourceTree = "<group>";
		};
		F24B1E792282C34D00590773 /* 桥接模式 */ = {
			isa = PBXGroup;
			children = (
				F24B1E7A2282C37C00590773 /* ConsoleCommands.h */,
				F24B1E7B2282C4C200590773 /* GameBoyEmulator.h */,
				F24B1E7C2282C4C200590773 /* GameBoyEmulator.m */,
				F24B1E7E2282C51500590773 /* GameGearEmulator.h */,
				F24B1E7F2282C51500590773 /* GameGearEmulator.m */,
				F24B1E812282C58D00590773 /* ConsoleController.h */,
				F24B1E822282C58D00590773 /* ConsoleController.m */,
				F24B1E842282C66600590773 /* TouchConsoleController.h */,
				F24B1E852282C66600590773 /* TouchConsoleController.m */,
			);
			path = "桥接模式";
			sourceTree = "<group>";
		};
		F2557CB72295366800BE739D /* 访问者模式 */ = {
			isa = PBXGroup;
			children = (
				F2557CB8229536AF00BE739D /* Bill.h */,
				F2557CBA2295376000BE739D /* ConsumerBill.h */,
				F2557CBB2295376000BE739D /* ConsumerBill.m */,
				F2557CBD2295393D00BE739D /* IncomeBill.h */,
				F2557CBE2295393D00BE739D /* IncomeBill.m */,
				F2557CB92295372E00BE739D /* AccountBook.h */,
				F2557CC022953CF700BE739D /* Boss.h */,
				F2557CC122953CF700BE739D /* Boss.m */,
				F2557CC322953D4800BE739D /* Accounting.h */,
				F2557CC422953D4800BE739D /* Accounting.m */,
				F2557CCA22954F0300BE739D /* AccountBookStructure.h */,
				F2557CCB22954F0300BE739D /* AccountBookStructure.m */,
			);
			path = "访问者模式";
			sourceTree = "<group>";
		};
		F25DF01D2297F26100EC2D0E /* 模板模式 */ = {
			isa = PBXGroup;
			children = (
			);
			path = "模板模式";
			sourceTree = "<group>";
		};
		F28FDE932283C2E80086F58D /* 外观模式 */ = {
			isa = PBXGroup;
			children = (
				F28FDE9E2283C4960086F58D /* FacadeComputerFunction.h */,
				F28FDE9F2283C4960086F58D /* FacadeComputerFunction.m */,
				F28FDE942283C30D0086F58D /* FacadeCpu.h */,
				F28FDE952283C30D0086F58D /* FacadeCpu.m */,
				F28FDE982283C3DC0086F58D /* FacadeDisk.h */,
				F28FDE992283C3DC0086F58D /* FacadeDisk.m */,
				F28FDE9B2283C4520086F58D /* FacadeMotherboard.h */,
				F28FDE9C2283C4520086F58D /* FacadeMotherboard.m */,
				F28FDEA12283C51D0086F58D /* FacadeComputer.h */,
				F28FDEA22283C51D0086F58D /* FacadeComputer.m */,
			);
			path = "外观模式";
			sourceTree = "<group>";
		};
		F28FDEA4228402190086F58D /* 中介者模式 */ = {
			isa = PBXGroup;
			children = (
				F28FDEA5228405A00086F58D /* AbstractMediator.h */,
				F28FDEA6228405A00086F58D /* AbstractMediator.m */,
				F28FDEA82284062B0086F58D /* AbstractColleague.h */,
				F28FDEA92284062B0086F58D /* AbstractColleague.m */,
				F28FDEAB2284068B0086F58D /* ConcreteMediator.h */,
				F28FDEAC2284068B0086F58D /* ConcreteMediator.m */,
				F237755522851ADE000B1FB9 /* ConcreteColleagueA.h */,
				F237755622851ADE000B1FB9 /* ConcreteColleagueA.m */,
				F237755822854C37000B1FB9 /* ConcreteColleagueB.h */,
				F237755922854C37000B1FB9 /* ConcreteColleagueB.m */,
			);
			path = "中介者模式";
			sourceTree = "<group>";
		};
		F2CF21A022978D7900358C7D /* 责任链模式 */ = {
			isa = PBXGroup;
			children = (
				F2CF21A122978DA100358C7D /* Attack.h */,
				F2CF21A222978DA100358C7D /* Attack.m */,
				F2CF21A422978DE900358C7D /* SwordAttack.h */,
				F2CF21A522978DE900358C7D /* SwordAttack.m */,
				F2CF21A722978E0600358C7D /* MagicFireAttack.h */,
				F2CF21A822978E0600358C7D /* MagicFireAttack.m */,
				F2CF21AA22978E1700358C7D /* LightingAttack.h */,
				F2CF21AB22978E1700358C7D /* LightingAttack.m */,
				F2CF21AD22978E3C00358C7D /* AttackHandler.h */,
				F2CF21AE22978E3C00358C7D /* AttackHandler.m */,
				F2CF21B022978FA100358C7D /* MetalArmor.h */,
				F2CF21B122978FA100358C7D /* MetalArmor.m */,
				F25DF0172297C62C00EC2D0E /* CrystalShield.h */,
				F25DF0182297C62C00EC2D0E /* CrystalShield.m */,
				F25DF01A2297C64100EC2D0E /* Avatar.h */,
				F25DF01B2297C64100EC2D0E /* Avatar.m */,
			);
			path = "责任链模式";
			sourceTree = "<group>";
		};
/* End PBXGroup section */

/* Begin PBXNativeTarget section */
		64C5D2F1226FCE3200404D1F /* DesignPattern */ = {
			isa = PBXNativeTarget;
			buildConfigurationList = 64C5D31E226FCE3400404D1F /* Build configuration list for PBXNativeTarget "DesignPattern" */;
			buildPhases = (
				64C5D2EE226FCE3200404D1F /* Sources */,
				64C5D2EF226FCE3200404D1F /* Frameworks */,
				64C5D2F0226FCE3200404D1F /* Resources */,
			);
			buildRules = (
			);
			dependencies = (
			);
			name = DesignPattern;
			productName = DesignPattern;
			productReference = 64C5D2F2226FCE3200404D1F /* DesignPattern.app */;
			productType = "com.apple.product-type.application";
		};
		64C5D309226FCE3400404D1F /* DesignPatternTests */ = {
			isa = PBXNativeTarget;
			buildConfigurationList = 64C5D321226FCE3400404D1F /* Build configuration list for PBXNativeTarget "DesignPatternTests" */;
			buildPhases = (
				64C5D306226FCE3400404D1F /* Sources */,
				64C5D307226FCE3400404D1F /* Frameworks */,
				64C5D308226FCE3400404D1F /* Resources */,
			);
			buildRules = (
			);
			dependencies = (
				64C5D30C226FCE3400404D1F /* PBXTargetDependency */,
			);
			name = DesignPatternTests;
			productName = DesignPatternTests;
			productReference = 64C5D30A226FCE3400404D1F /* DesignPatternTests.xctest */;
			productType = "com.apple.product-type.bundle.unit-test";
		};
		64C5D314226FCE3400404D1F /* DesignPatternUITests */ = {
			isa = PBXNativeTarget;
			buildConfigurationList = 64C5D324226FCE3400404D1F /* Build configuration list for PBXNativeTarget "DesignPatternUITests" */;
			buildPhases = (
				64C5D311226FCE3400404D1F /* Sources */,
				64C5D312226FCE3400404D1F /* Frameworks */,
				64C5D313226FCE3400404D1F /* Resources */,
			);
			buildRules = (
			);
			dependencies = (
				64C5D317226FCE3400404D1F /* PBXTargetDependency */,
			);
			name = DesignPatternUITests;
			productName = DesignPatternUITests;
			productReference = 64C5D315226FCE3400404D1F /* DesignPatternUITests.xctest */;
			productType = "com.apple.product-type.bundle.ui-testing";
		};
/* End PBXNativeTarget section */

/* Begin PBXProject section */
		64C5D2EA226FCE3200404D1F /* Project object */ = {
			isa = PBXProject;
			attributes = {
				LastUpgradeCheck = 1020;
				ORGANIZATIONNAME = "法正磊";
				TargetAttributes = {
					64C5D2F1226FCE3200404D1F = {
						CreatedOnToolsVersion = 10.2.1;
					};
					64C5D309226FCE3400404D1F = {
						CreatedOnToolsVersion = 10.2.1;
						TestTargetID = 64C5D2F1226FCE3200404D1F;
					};
					64C5D314226FCE3400404D1F = {
						CreatedOnToolsVersion = 10.2.1;
						TestTargetID = 64C5D2F1226FCE3200404D1F;
					};
				};
			};
			buildConfigurationList = 64C5D2ED226FCE3200404D1F /* Build configuration list for PBXProject "DesignPattern" */;
			compatibilityVersion = "Xcode 9.3";
			developmentRegion = en;
			hasScannedForEncodings = 0;
			knownRegions = (
				en,
				Base,
			);
			mainGroup = 64C5D2E9226FCE3200404D1F;
			productRefGroup = 64C5D2F3226FCE3200404D1F /* Products */;
			projectDirPath = "";
			projectRoot = "";
			targets = (
				64C5D2F1226FCE3200404D1F /* DesignPattern */,
				64C5D309226FCE3400404D1F /* DesignPatternTests */,
				64C5D314226FCE3400404D1F /* DesignPatternUITests */,
			);
		};
/* End PBXProject section */

/* Begin PBXResourcesBuildPhase section */
		64C5D2F0226FCE3200404D1F /* Resources */ = {
			isa = PBXResourcesBuildPhase;
			buildActionMask = 2147483647;
			files = (
				64C5D302226FCE3400404D1F /* LaunchScreen.storyboard in Resources */,
				64C5D2FF226FCE3400404D1F /* Assets.xcassets in Resources */,
				64C5D2FD226FCE3200404D1F /* Main.storyboard in Resources */,
			);
			runOnlyForDeploymentPostprocessing = 0;
		};
		64C5D308226FCE3400404D1F /* Resources */ = {
			isa = PBXResourcesBuildPhase;
			buildActionMask = 2147483647;
			files = (
			);
			runOnlyForDeploymentPostprocessing = 0;
		};
		64C5D313226FCE3400404D1F /* Resources */ = {
			isa = PBXResourcesBuildPhase;
			buildActionMask = 2147483647;
			files = (
			);
			runOnlyForDeploymentPostprocessing = 0;
		};
/* End PBXResourcesBuildPhase section */

/* Begin PBXSourcesBuildPhase section */
		64C5D2EE226FCE3200404D1F /* Sources */ = {
			isa = PBXSourcesBuildPhase;
			buildActionMask = 2147483647;
			files = (
				F2557CBC2295376000BE739D /* ConsumerBill.m in Sources */,
				F28FDEA02283C4960086F58D /* FacadeComputerFunction.m in Sources */,
				F24B1E6C22827BBA00590773 /* ClassAdapter.m in Sources */,
				F2488F5C2296858B00FE24F5 /* Condiment.m in Sources */,
				F2CF21A322978DA100358C7D /* Attack.m in Sources */,
				F2CF21A922978E0600358C7D /* MagicFireAttack.m in Sources */,
				F2488F562296807400FE24F5 /* PanCake.m in Sources */,
				F28FDEAD2284068B0086F58D /* ConcreteMediator.m in Sources */,
				F24B1E862282C66600590773 /* TouchConsoleController.m in Sources */,
				64C5D2FA226FCE3200404D1F /* ViewController.m in Sources */,
				F24B1E7022827F6D00590773 /* ObjectAdapter.m in Sources */,
				F237755722851ADE000B1FB9 /* ConcreteColleagueA.m in Sources */,
				F237755A22854C37000B1FB9 /* ConcreteColleagueB.m in Sources */,
				50E48E752277FB36003E868D /* CMoBikeBuilder.m in Sources */,
				F28FDEA32283C51D0086F58D /* FacadeComputer.m in Sources */,
				F2488F592296830C00FE24F5 /* Roujiamo.m in Sources */,
				F28FDE9A2283C3DC0086F58D /* FacadeDisk.m in Sources */,
				F2557CCC22954F0300BE739D /* AccountBookStructure.m in Sources */,
				F25DF01C2297C64100EC2D0E /* Avatar.m in Sources */,
				64C5D305226FCE3400404D1F /* main.m in Sources */,
				F28FDEAA2284062B0086F58D /* AbstractColleague.m in Sources */,
				F2CF21A622978DE900358C7D /* SwordAttack.m in Sources */,
				64C5D2F7226FCE3200404D1F /* AppDelegate.m in Sources */,
				F2CF21AF22978E3C00358C7D /* AttackHandler.m in Sources */,
				64C5D32E226FD11300404D1F /* CombinationDot.m in Sources */,
				F24B1E832282C58D00590773 /* ConsoleController.m in Sources */,
				509F228F227821550042AADA /* CDirector.m in Sources */,
				F2557CC522953D4800BE739D /* Accounting.m in Sources */,
				F2488F5F22968A2600FE24F5 /* FiredEgg.m in Sources */,
				64C5D32B226FD0A200404D1F /* CombinationVertex.m in Sources */,
				F24B1E7D2282C4C200590773 /* GameBoyEmulator.m in Sources */,
				F2CF21AC22978E1700358C7D /* LightingAttack.m in Sources */,
				F24B1E752282829C00590773 /* AbstractAdapter.m in Sources */,
				F28FDEA7228405A00086F58D /* AbstractMediator.m in Sources */,
				F24B1E802282C51500590773 /* GameGearEmulator.m in Sources */,
				F28FDE962283C30D0086F58D /* FacadeCpu.m in Sources */,
				F25DF0192297C62C00EC2D0E /* CrystalShield.m in Sources */,
				F2488F6222968A3D00FE24F5 /* Ham.m in Sources */,
				F2557CC222953CF700BE739D /* Boss.m in Sources */,
				50E48E6C2277F91B003E868D /* CBike.m in Sources */,
				F2488F5322967EE500FE24F5 /* TornCake.m in Sources */,
				F28FDE9D2283C4520086F58D /* FacadeMotherboard.m in Sources */,
				64C5D331226FD12D00404D1F /* CombinationStroke.m in Sources */,
				50E48E7822781F0E003E868D /* OfoBikeBuilder.m in Sources */,
				F24B1E6922827AED00590773 /* Usber.m in Sources */,
				F2CF21B222978FA100358C7D /* MetalArmor.m in Sources */,
				F24B1E78228282E900590773 /* Ashili.m in Sources */,
				F2557CBF2295393D00BE739D /* IncomeBill.m in Sources */,
			);
			runOnlyForDeploymentPostprocessing = 0;
		};
		64C5D306226FCE3400404D1F /* Sources */ = {
			isa = PBXSourcesBuildPhase;
			buildActionMask = 2147483647;
			files = (
				64C5D30F226FCE3400404D1F /* DesignPatternTests.m in Sources */,
			);
			runOnlyForDeploymentPostprocessing = 0;
		};
		64C5D311226FCE3400404D1F /* Sources */ = {
			isa = PBXSourcesBuildPhase;
			buildActionMask = 2147483647;
			files = (
				64C5D31A226FCE3400404D1F /* DesignPatternUITests.m in Sources */,
			);
			runOnlyForDeploymentPostprocessing = 0;
		};
/* End PBXSourcesBuildPhase section */

/* Begin PBXTargetDependency section */
		64C5D30C226FCE3400404D1F /* PBXTargetDependency */ = {
			isa = PBXTargetDependency;
			target = 64C5D2F1226FCE3200404D1F /* DesignPattern */;
			targetProxy = 64C5D30B226FCE3400404D1F /* PBXContainerItemProxy */;
		};
		64C5D317226FCE3400404D1F /* PBXTargetDependency */ = {
			isa = PBXTargetDependency;
			target = 64C5D2F1226FCE3200404D1F /* DesignPattern */;
			targetProxy = 64C5D316226FCE3400404D1F /* PBXContainerItemProxy */;
		};
/* End PBXTargetDependency section */

/* Begin PBXVariantGroup section */
		64C5D2FB226FCE3200404D1F /* Main.storyboard */ = {
			isa = PBXVariantGroup;
			children = (
				64C5D2FC226FCE3200404D1F /* Base */,
			);
			name = Main.storyboard;
			sourceTree = "<group>";
		};
		64C5D300226FCE3400404D1F /* LaunchScreen.storyboard */ = {
			isa = PBXVariantGroup;
			children = (
				64C5D301226FCE3400404D1F /* Base */,
			);
			name = LaunchScreen.storyboard;
			sourceTree = "<group>";
		};
/* End PBXVariantGroup section */

/* Begin XCBuildConfiguration section */
		64C5D31C226FCE3400404D1F /* Debug */ = {
			isa = XCBuildConfiguration;
			buildSettings = {
				ALWAYS_SEARCH_USER_PATHS = NO;
				CLANG_ANALYZER_NONNULL = YES;
				CLANG_ANALYZER_NUMBER_OBJECT_CONVERSION = YES_AGGRESSIVE;
				CLANG_CXX_LANGUAGE_STANDARD = "gnu++14";
				CLANG_CXX_LIBRARY = "libc++";
				CLANG_ENABLE_MODULES = YES;
				CLANG_ENABLE_OBJC_ARC = YES;
				CLANG_ENABLE_OBJC_WEAK = YES;
				CLANG_WARN_BLOCK_CAPTURE_AUTORELEASING = YES;
				CLANG_WARN_BOOL_CONVERSION = YES;
				CLANG_WARN_COMMA = YES;
				CLANG_WARN_CONSTANT_CONVERSION = YES;
				CLANG_WARN_DEPRECATED_OBJC_IMPLEMENTATIONS = YES;
				CLANG_WARN_DIRECT_OBJC_ISA_USAGE = YES_ERROR;
				CLANG_WARN_DOCUMENTATION_COMMENTS = YES;
				CLANG_WARN_EMPTY_BODY = YES;
				CLANG_WARN_ENUM_CONVERSION = YES;
				CLANG_WARN_INFINITE_RECURSION = YES;
				CLANG_WARN_INT_CONVERSION = YES;
				CLANG_WARN_NON_LITERAL_NULL_CONVERSION = YES;
				CLANG_WARN_OBJC_IMPLICIT_RETAIN_SELF = YES;
				CLANG_WARN_OBJC_LITERAL_CONVERSION = YES;
				CLANG_WARN_OBJC_ROOT_CLASS = YES_ERROR;
				CLANG_WARN_RANGE_LOOP_ANALYSIS = YES;
				CLANG_WARN_STRICT_PROTOTYPES = YES;
				CLANG_WARN_SUSPICIOUS_MOVE = YES;
				CLANG_WARN_UNGUARDED_AVAILABILITY = YES_AGGRESSIVE;
				CLANG_WARN_UNREACHABLE_CODE = YES;
				CLANG_WARN__DUPLICATE_METHOD_MATCH = YES;
				CODE_SIGN_IDENTITY = "iPhone Developer";
				COPY_PHASE_STRIP = NO;
				DEBUG_INFORMATION_FORMAT = dwarf;
				ENABLE_STRICT_OBJC_MSGSEND = YES;
				ENABLE_TESTABILITY = YES;
				GCC_C_LANGUAGE_STANDARD = gnu11;
				GCC_DYNAMIC_NO_PIC = NO;
				GCC_NO_COMMON_BLOCKS = YES;
				GCC_OPTIMIZATION_LEVEL = 0;
				GCC_PREPROCESSOR_DEFINITIONS = (
					"DEBUG=1",
					"$(inherited)",
				);
				GCC_WARN_64_TO_32_BIT_CONVERSION = YES;
				GCC_WARN_ABOUT_RETURN_TYPE = YES_ERROR;
				GCC_WARN_UNDECLARED_SELECTOR = YES;
				GCC_WARN_UNINITIALIZED_AUTOS = YES_AGGRESSIVE;
				GCC_WARN_UNUSED_FUNCTION = YES;
				GCC_WARN_UNUSED_VARIABLE = YES;
				IPHONEOS_DEPLOYMENT_TARGET = 12.2;
				MTL_ENABLE_DEBUG_INFO = INCLUDE_SOURCE;
				MTL_FAST_MATH = YES;
				ONLY_ACTIVE_ARCH = YES;
				SDKROOT = iphoneos;
			};
			name = Debug;
		};
		64C5D31D226FCE3400404D1F /* Release */ = {
			isa = XCBuildConfiguration;
			buildSettings = {
				ALWAYS_SEARCH_USER_PATHS = NO;
				CLANG_ANALYZER_NONNULL = YES;
				CLANG_ANALYZER_NUMBER_OBJECT_CONVERSION = YES_AGGRESSIVE;
				CLANG_CXX_LANGUAGE_STANDARD = "gnu++14";
				CLANG_CXX_LIBRARY = "libc++";
				CLANG_ENABLE_MODULES = YES;
				CLANG_ENABLE_OBJC_ARC = YES;
				CLANG_ENABLE_OBJC_WEAK = YES;
				CLANG_WARN_BLOCK_CAPTURE_AUTORELEASING = YES;
				CLANG_WARN_BOOL_CONVERSION = YES;
				CLANG_WARN_COMMA = YES;
				CLANG_WARN_CONSTANT_CONVERSION = YES;
				CLANG_WARN_DEPRECATED_OBJC_IMPLEMENTATIONS = YES;
				CLANG_WARN_DIRECT_OBJC_ISA_USAGE = YES_ERROR;
				CLANG_WARN_DOCUMENTATION_COMMENTS = YES;
				CLANG_WARN_EMPTY_BODY = YES;
				CLANG_WARN_ENUM_CONVERSION = YES;
				CLANG_WARN_INFINITE_RECURSION = YES;
				CLANG_WARN_INT_CONVERSION = YES;
				CLANG_WARN_NON_LITERAL_NULL_CONVERSION = YES;
				CLANG_WARN_OBJC_IMPLICIT_RETAIN_SELF = YES;
				CLANG_WARN_OBJC_LITERAL_CONVERSION = YES;
				CLANG_WARN_OBJC_ROOT_CLASS = YES_ERROR;
				CLANG_WARN_RANGE_LOOP_ANALYSIS = YES;
				CLANG_WARN_STRICT_PROTOTYPES = YES;
				CLANG_WARN_SUSPICIOUS_MOVE = YES;
				CLANG_WARN_UNGUARDED_AVAILABILITY = YES_AGGRESSIVE;
				CLANG_WARN_UNREACHABLE_CODE = YES;
				CLANG_WARN__DUPLICATE_METHOD_MATCH = YES;
				CODE_SIGN_IDENTITY = "iPhone Developer";
				COPY_PHASE_STRIP = NO;
				DEBUG_INFORMATION_FORMAT = "dwarf-with-dsym";
				ENABLE_NS_ASSERTIONS = NO;
				ENABLE_STRICT_OBJC_MSGSEND = YES;
				GCC_C_LANGUAGE_STANDARD = gnu11;
				GCC_NO_COMMON_BLOCKS = YES;
				GCC_WARN_64_TO_32_BIT_CONVERSION = YES;
				GCC_WARN_ABOUT_RETURN_TYPE = YES_ERROR;
				GCC_WARN_UNDECLARED_SELECTOR = YES;
				GCC_WARN_UNINITIALIZED_AUTOS = YES_AGGRESSIVE;
				GCC_WARN_UNUSED_FUNCTION = YES;
				GCC_WARN_UNUSED_VARIABLE = YES;
				IPHONEOS_DEPLOYMENT_TARGET = 12.2;
				MTL_ENABLE_DEBUG_INFO = NO;
				MTL_FAST_MATH = YES;
				SDKROOT = iphoneos;
				VALIDATE_PRODUCT = YES;
			};
			name = Release;
		};
		64C5D31F226FCE3400404D1F /* Debug */ = {
			isa = XCBuildConfiguration;
			buildSettings = {
				ASSETCATALOG_COMPILER_APPICON_NAME = AppIcon;
				CODE_SIGN_STYLE = Automatic;
				DEVELOPMENT_TEAM = XS8JSWV5LR;
				INFOPLIST_FILE = DesignPattern/Info.plist;
				LD_RUNPATH_SEARCH_PATHS = (
					"$(inherited)",
					"@executable_path/Frameworks",
				);
				PRODUCT_BUNDLE_IDENTIFIER = com.fafa.DesignPattern;
				PRODUCT_NAME = "$(TARGET_NAME)";
				TARGETED_DEVICE_FAMILY = "1,2";
			};
			name = Debug;
		};
		64C5D320226FCE3400404D1F /* Release */ = {
			isa = XCBuildConfiguration;
			buildSettings = {
				ASSETCATALOG_COMPILER_APPICON_NAME = AppIcon;
				CODE_SIGN_STYLE = Automatic;
				DEVELOPMENT_TEAM = XS8JSWV5LR;
				INFOPLIST_FILE = DesignPattern/Info.plist;
				LD_RUNPATH_SEARCH_PATHS = (
					"$(inherited)",
					"@executable_path/Frameworks",
				);
				PRODUCT_BUNDLE_IDENTIFIER = com.fafa.DesignPattern;
				PRODUCT_NAME = "$(TARGET_NAME)";
				TARGETED_DEVICE_FAMILY = "1,2";
			};
			name = Release;
		};
		64C5D322226FCE3400404D1F /* Debug */ = {
			isa = XCBuildConfiguration;
			buildSettings = {
				BUNDLE_LOADER = "$(TEST_HOST)";
				CODE_SIGN_STYLE = Automatic;
				DEVELOPMENT_TEAM = XS8JSWV5LR;
				INFOPLIST_FILE = DesignPatternTests/Info.plist;
				LD_RUNPATH_SEARCH_PATHS = (
					"$(inherited)",
					"@executable_path/Frameworks",
					"@loader_path/Frameworks",
				);
				PRODUCT_BUNDLE_IDENTIFIER = com.fafa.DesignPatternTests;
				PRODUCT_NAME = "$(TARGET_NAME)";
				TARGETED_DEVICE_FAMILY = "1,2";
				TEST_HOST = "$(BUILT_PRODUCTS_DIR)/DesignPattern.app/DesignPattern";
			};
			name = Debug;
		};
		64C5D323226FCE3400404D1F /* Release */ = {
			isa = XCBuildConfiguration;
			buildSettings = {
				BUNDLE_LOADER = "$(TEST_HOST)";
				CODE_SIGN_STYLE = Automatic;
				DEVELOPMENT_TEAM = XS8JSWV5LR;
				INFOPLIST_FILE = DesignPatternTests/Info.plist;
				LD_RUNPATH_SEARCH_PATHS = (
					"$(inherited)",
					"@executable_path/Frameworks",
					"@loader_path/Frameworks",
				);
				PRODUCT_BUNDLE_IDENTIFIER = com.fafa.DesignPatternTests;
				PRODUCT_NAME = "$(TARGET_NAME)";
				TARGETED_DEVICE_FAMILY = "1,2";
				TEST_HOST = "$(BUILT_PRODUCTS_DIR)/DesignPattern.app/DesignPattern";
			};
			name = Release;
		};
		64C5D325226FCE3400404D1F /* Debug */ = {
			isa = XCBuildConfiguration;
			buildSettings = {
				CODE_SIGN_STYLE = Automatic;
				DEVELOPMENT_TEAM = XS8JSWV5LR;
				INFOPLIST_FILE = DesignPatternUITests/Info.plist;
				LD_RUNPATH_SEARCH_PATHS = (
					"$(inherited)",
					"@executable_path/Frameworks",
					"@loader_path/Frameworks",
				);
				PRODUCT_BUNDLE_IDENTIFIER = com.fafa.DesignPatternUITests;
				PRODUCT_NAME = "$(TARGET_NAME)";
				TARGETED_DEVICE_FAMILY = "1,2";
				TEST_TARGET_NAME = DesignPattern;
			};
			name = Debug;
		};
		64C5D326226FCE3400404D1F /* Release */ = {
			isa = XCBuildConfiguration;
			buildSettings = {
				CODE_SIGN_STYLE = Automatic;
				DEVELOPMENT_TEAM = XS8JSWV5LR;
				INFOPLIST_FILE = DesignPatternUITests/Info.plist;
				LD_RUNPATH_SEARCH_PATHS = (
					"$(inherited)",
					"@executable_path/Frameworks",
					"@loader_path/Frameworks",
				);
				PRODUCT_BUNDLE_IDENTIFIER = com.fafa.DesignPatternUITests;
				PRODUCT_NAME = "$(TARGET_NAME)";
				TARGETED_DEVICE_FAMILY = "1,2";
				TEST_TARGET_NAME = DesignPattern;
			};
			name = Release;
		};
/* End XCBuildConfiguration section */

/* Begin XCConfigurationList section */
		64C5D2ED226FCE3200404D1F /* Build configuration list for PBXProject "DesignPattern" */ = {
			isa = XCConfigurationList;
			buildConfigurations = (
				64C5D31C226FCE3400404D1F /* Debug */,
				64C5D31D226FCE3400404D1F /* Release */,
			);
			defaultConfigurationIsVisible = 0;
			defaultConfigurationName = Release;
		};
		64C5D31E226FCE3400404D1F /* Build configuration list for PBXNativeTarget "DesignPattern" */ = {
			isa = XCConfigurationList;
			buildConfigurations = (
				64C5D31F226FCE3400404D1F /* Debug */,
				64C5D320226FCE3400404D1F /* Release */,
			);
			defaultConfigurationIsVisible = 0;
			defaultConfigurationName = Release;
		};
		64C5D321226FCE3400404D1F /* Build configuration list for PBXNativeTarget "DesignPatternTests" */ = {
			isa = XCConfigurationList;
			buildConfigurations = (
				64C5D322226FCE3400404D1F /* Debug */,
				64C5D323226FCE3400404D1F /* Release */,
			);
			defaultConfigurationIsVisible = 0;
			defaultConfigurationName = Release;
		};
		64C5D324226FCE3400404D1F /* Build configuration list for PBXNativeTarget "DesignPatternUITests" */ = {
			isa = XCConfigurationList;
			buildConfigurations = (
				64C5D325226FCE3400404D1F /* Debug */,
				64C5D326226FCE3400404D1F /* Release */,
			);
			defaultConfigurationIsVisible = 0;
			defaultConfigurationName = Release;
		};
/* End XCConfigurationList section */
	};
	rootObject = 64C5D2EA226FCE3200404D1F /* Project object */;
}
