// !$*UTF8*$!
{
	archiveVersion = 1;
	classes = {
	};
	objectVersion = 50;
	objects = {

/* Begin PBXBuildFile section */
		64C5D2F7226FCE3200404D1F /* AppDelegate.m in Sources */ = {isa = PBXBuildFile; fileRef = 64C5D2F6226FCE3200404D1F /* AppDelegate.m */; };
		64C5D2FA226FCE3200404D1F /* ViewController.m in Sources */ = {isa = PBXBuildFile; fileRef = 64C5D2F9226FCE3200404D1F /* ViewController.m */; };
		64C5D2FD226FCE3200404D1F /* Main.storyboard in Resources */ = {isa = PBXBuildFile; fileRef = 64C5D2FB226FCE3200404D1F /* Main.storyboard */; };
		64C5D2FF226FCE3400404D1F /* Assets.xcassets in Resources */ = {isa = PBXBuildFile; fileRef = 64C5D2FE226FCE3400404D1F /* Assets.xcassets */; };
		64C5D302226FCE3400404D1F /* LaunchScreen.storyboard in Resources */ = {isa = PBXBuildFile; fileRef = 64C5D300226FCE3400404D1F /* LaunchScreen.storyboard */; };
		64C5D305226FCE3400404D1F /* main.m in Sources */ = {isa = PBXBuildFile; fileRef = 64C5D304226FCE3400404D1F /* main.m */; };
		64C5D30F226FCE3400404D1F /* DesignPatternTests.m in Sources */ = {isa = PBXBuildFile; fileRef = 64C5D30E226FCE3400404D1F /* DesignPatternTests.m */; };
		64C5D31A226FCE3400404D1F /* DesignPatternUITests.m in Sources */ = {isa = PBXBuildFile; fileRef = 64C5D319226FCE3400404D1F /* DesignPatternUITests.m */; };
		64C5D32B226FD0A200404D1F /* CombinationVertex.m in Sources */ = {isa = PBXBuildFile; fileRef = 64C5D32A226FD0A200404D1F /* CombinationVertex.m */; };
		64C5D32E226FD11300404D1F /* CombinationDot.m in Sources */ = {isa = PBXBuildFile; fileRef = 64C5D32D226FD11300404D1F /* CombinationDot.m */; };
		64C5D331226FD12D00404D1F /* CombinationStroke.m in Sources */ = {isa = PBXBuildFile; fileRef = 64C5D330226FD12D00404D1F /* CombinationStroke.m */; };
/* End PBXBuildFile section */

/* Begin PBXContainerItemProxy section */
		64C5D30B226FCE3400404D1F /* PBXContainerItemProxy */ = {
			isa = PBXContainerItemProxy;
			containerPortal = 64C5D2EA226FCE3200404D1F /* Project object */;
			proxyType = 1;
			remoteGlobalIDString = 64C5D2F1226FCE3200404D1F;
			remoteInfo = DesignPattern;
		};
		64C5D316226FCE3400404D1F /* PBXContainerItemProxy */ = {
			isa = PBXContainerItemProxy;
			containerPortal = 64C5D2EA226FCE3200404D1F /* Project object */;
			proxyType = 1;
			remoteGlobalIDString = 64C5D2F1226FCE3200404D1F;
			remoteInfo = DesignPattern;
		};
/* End PBXContainerItemProxy section */

/* Begin PBXFileReference section */
		64868A6F2272734500F89401 /* MarkHeader.h */ = {isa = PBXFileReference; lastKnownFileType = sourcecode.c.h; path = MarkHeader.h; sourceTree = "<group>"; };
		64C5D2F2226FCE3200404D1F /* DesignPattern.app */ = {isa = PBXFileReference; explicitFileType = wrapper.application; includeInIndex = 0; path = DesignPattern.app; sourceTree = BUILT_PRODUCTS_DIR; };
		64C5D2F5226FCE3200404D1F /* AppDelegate.h */ = {isa = PBXFileReference; lastKnownFileType = sourcecode.c.h; path = AppDelegate.h; sourceTree = "<group>"; };
		64C5D2F6226FCE3200404D1F /* AppDelegate.m */ = {isa = PBXFileReference; lastKnownFileType = sourcecode.c.objc; path = AppDelegate.m; sourceTree = "<group>"; };
		64C5D2F8226FCE3200404D1F /* ViewController.h */ = {isa = PBXFileReference; lastKnownFileType = sourcecode.c.h; path = ViewController.h; sourceTree = "<group>"; };
		64C5D2F9226FCE3200404D1F /* ViewController.m */ = {isa = PBXFileReference; lastKnownFileType = sourcecode.c.objc; path = ViewController.m; sourceTree = "<group>"; };
		64C5D2FC226FCE3200404D1F /* Base */ = {isa = PBXFileReference; lastKnownFileType = file.storyboard; name = Base; path = Base.lproj/Main.storyboard; sourceTree = "<group>"; };
		64C5D2FE226FCE3400404D1F /* Assets.xcassets */ = {isa = PBXFileReference; lastKnownFileType = folder.assetcatalog; path = Assets.xcassets; sourceTree = "<group>"; };
		64C5D301226FCE3400404D1F /* Base */ = {isa = PBXFileReference; lastKnownFileType = file.storyboard; name = Base; path = Base.lproj/LaunchScreen.storyboard; sourceTree = "<group>"; };
		64C5D303226FCE3400404D1F /* Info.plist */ = {isa = PBXFileReference; lastKnownFileType = text.plist.xml; path = Info.plist; sourceTree = "<group>"; };
		64C5D304226FCE3400404D1F /* main.m */ = {isa = PBXFileReference; lastKnownFileType = sourcecode.c.objc; path = main.m; sourceTree = "<group>"; };
		64C5D30A226FCE3400404D1F /* DesignPatternTests.xctest */ = {isa = PBXFileReference; explicitFileType = wrapper.cfbundle; includeInIndex = 0; path = DesignPatternTests.xctest; sourceTree = BUILT_PRODUCTS_DIR; };
		64C5D30E226FCE3400404D1F /* DesignPatternTests.m */ = {isa = PBXFileReference; lastKnownFileType = sourcecode.c.objc; path = DesignPatternTests.m; sourceTree = "<group>"; };
		64C5D310226FCE3400404D1F /* Info.plist */ = {isa = PBXFileReference; lastKnownFileType = text.plist.xml; path = Info.plist; sourceTree = "<group>"; };
		64C5D315226FCE3400404D1F /* DesignPatternUITests.xctest */ = {isa = PBXFileReference; explicitFileType = wrapper.cfbundle; includeInIndex = 0; path = DesignPatternUITests.xctest; sourceTree = BUILT_PRODUCTS_DIR; };
		64C5D319226FCE3400404D1F /* DesignPatternUITests.m */ = {isa = PBXFileReference; lastKnownFileType = sourcecode.c.objc; path = DesignPatternUITests.m; sourceTree = "<group>"; };
		64C5D31B226FCE3400404D1F /* Info.plist */ = {isa = PBXFileReference; lastKnownFileType = text.plist.xml; path = Info.plist; sourceTree = "<group>"; };
		64C5D328226FCE8600404D1F /* CombinationMark.h */ = {isa = PBXFileReference; lastKnownFileType = sourcecode.c.h; path = CombinationMark.h; sourceTree = "<group>"; };
		64C5D329226FD0A200404D1F /* CombinationVertex.h */ = {isa = PBXFileReference; lastKnownFileType = sourcecode.c.h; path = CombinationVertex.h; sourceTree = "<group>"; };
		64C5D32A226FD0A200404D1F /* CombinationVertex.m */ = {isa = PBXFileReference; lastKnownFileType = sourcecode.c.objc; path = CombinationVertex.m; sourceTree = "<group>"; };
		64C5D32C226FD11300404D1F /* CombinationDot.h */ = {isa = PBXFileReference; lastKnownFileType = sourcecode.c.h; path = CombinationDot.h; sourceTree = "<group>"; };
		64C5D32D226FD11300404D1F /* CombinationDot.m */ = {isa = PBXFileReference; lastKnownFileType = sourcecode.c.objc; path = CombinationDot.m; sourceTree = "<group>"; };
		64C5D32F226FD12D00404D1F /* CombinationStroke.h */ = {isa = PBXFileReference; lastKnownFileType = sourcecode.c.h; path = CombinationStroke.h; sourceTree = "<group>"; };
		64C5D330226FD12D00404D1F /* CombinationStroke.m */ = {isa = PBXFileReference; lastKnownFileType = sourcecode.c.objc; path = CombinationStroke.m; sourceTree = "<group>"; };
/* End PBXFileReference section */

/* Begin PBXFrameworksBuildPhase section */
		64C5D2EF226FCE3200404D1F /* Frameworks */ = {
			isa = PBXFrameworksBuildPhase;
			buildActionMask = 2147483647;
			files = (
			);
			runOnlyForDeploymentPostprocessing = 0;
		};
		64C5D307226FCE3400404D1F /* Frameworks */ = {
			isa = PBXFrameworksBuildPhase;
			buildActionMask = 2147483647;
			files = (
			);
			runOnlyForDeploymentPostprocessing = 0;
		};
		64C5D312226FCE3400404D1F /* Frameworks */ = {
			isa = PBXFrameworksBuildPhase;
			buildActionMask = 2147483647;
			files = (
			);
			runOnlyForDeploymentPostprocessing = 0;
		};
/* End PBXFrameworksBuildPhase section */

/* Begin PBXGroup section */
		64C5D2E9226FCE3200404D1F = {
			isa = PBXGroup;
			children = (
				64C5D2F4226FCE3200404D1F /* DesignPattern */,
				64C5D30D226FCE3400404D1F /* DesignPatternTests */,
				64C5D318226FCE3400404D1F /* DesignPatternUITests */,
				64C5D2F3226FCE3200404D1F /* Products */,
			);
			sourceTree = "<group>";
		};
		64C5D2F3226FCE3200404D1F /* Products */ = {
			isa = PBXGroup;
			children = (
				64C5D2F2226FCE3200404D1F /* DesignPattern.app */,
				64C5D30A226FCE3400404D1F /* DesignPatternTests.xctest */,
				64C5D315226FCE3400404D1F /* DesignPatternUITests.xctest */,
			);
			name = Products;
			sourceTree = "<group>";
		};
		64C5D2F4226FCE3200404D1F /* DesignPattern */ = {
			isa = PBXGroup;
			children = (
				64C5D327226FCE6000404D1F /* 组合 */,
				64C5D2F5226FCE3200404D1F /* AppDelegate.h */,
				64C5D2F6226FCE3200404D1F /* AppDelegate.m */,
				64C5D2F8226FCE3200404D1F /* ViewController.h */,
				64C5D2F9226FCE3200404D1F /* ViewController.m */,
				64C5D2FB226FCE3200404D1F /* Main.storyboard */,
				64C5D2FE226FCE3400404D1F /* Assets.xcassets */,
				64C5D300226FCE3400404D1F /* LaunchScreen.storyboard */,
				64C5D303226FCE3400404D1F /* Info.plist */,
				64C5D304226FCE3400404D1F /* main.m */,
			);
			path = DesignPattern;
			sourceTree = "<group>";
		};
		64C5D30D226FCE3400404D1F /* DesignPatternTests */ = {
			isa = PBXGroup;
			children = (
				64C5D30E226FCE3400404D1F /* DesignPatternTests.m */,
				64C5D310226FCE3400404D1F /* Info.plist */,
			);
			path = DesignPatternTests;
			sourceTree = "<group>";
		};
		64C5D318226FCE3400404D1F /* DesignPatternUITests */ = {
			isa = PBXGroup;
			children = (
				64C5D319226FCE3400404D1F /* DesignPatternUITests.m */,
				64C5D31B226FCE3400404D1F /* Info.plist */,
			);
			path = DesignPatternUITests;
			sourceTree = "<group>";
		};
		64C5D327226FCE6000404D1F /* 组合 */ = {
			isa = PBXGroup;
			children = (
				64C5D328226FCE8600404D1F /* CombinationMark.h */,
				64C5D329226FD0A200404D1F /* CombinationVertex.h */,
				64C5D32A226FD0A200404D1F /* CombinationVertex.m */,
				64C5D32C226FD11300404D1F /* CombinationDot.h */,
				64C5D32D226FD11300404D1F /* CombinationDot.m */,
				64C5D32F226FD12D00404D1F /* CombinationStroke.h */,
				64C5D330226FD12D00404D1F /* CombinationStroke.m */,
				64868A6F2272734500F89401 /* MarkHeader.h */,
			);
			path = "组合";
			sourceTree = "<group>";
		};
/* End PBXGroup section */

/* Begin PBXNativeTarget section */
		64C5D2F1226FCE3200404D1F /* DesignPattern */ = {
			isa = PBXNativeTarget;
			buildConfigurationList = 64C5D31E226FCE3400404D1F /* Build configuration list for PBXNativeTarget "DesignPattern" */;
			buildPhases = (
				64C5D2EE226FCE3200404D1F /* Sources */,
				64C5D2EF226FCE3200404D1F /* Frameworks */,
				64C5D2F0226FCE3200404D1F /* Resources */,
			);
			buildRules = (
			);
			dependencies = (
			);
			name = DesignPattern;
			productName = DesignPattern;
			productReference = 64C5D2F2226FCE3200404D1F /* DesignPattern.app */;
			productType = "com.apple.product-type.application";
		};
		64C5D309226FCE3400404D1F /* DesignPatternTests */ = {
			isa = PBXNativeTarget;
			buildConfigurationList = 64C5D321226FCE3400404D1F /* Build configuration list for PBXNativeTarget "DesignPatternTests" */;
			buildPhases = (
				64C5D306226FCE3400404D1F /* Sources */,
				64C5D307226FCE3400404D1F /* Frameworks */,
				64C5D308226FCE3400404D1F /* Resources */,
			);
			buildRules = (
			);
			dependencies = (
				64C5D30C226FCE3400404D1F /* PBXTargetDependency */,
			);
			name = DesignPatternTests;
			productName = DesignPatternTests;
			productReference = 64C5D30A226FCE3400404D1F /* DesignPatternTests.xctest */;
			productType = "com.apple.product-type.bundle.unit-test";
		};
		64C5D314226FCE3400404D1F /* DesignPatternUITests */ = {
			isa = PBXNativeTarget;
			buildConfigurationList = 64C5D324226FCE3400404D1F /* Build configuration list for PBXNativeTarget "DesignPatternUITests" */;
			buildPhases = (
				64C5D311226FCE3400404D1F /* Sources */,
				64C5D312226FCE3400404D1F /* Frameworks */,
				64C5D313226FCE3400404D1F /* Resources */,
			);
			buildRules = (
			);
			dependencies = (
				64C5D317226FCE3400404D1F /* PBXTargetDependency */,
			);
			name = DesignPatternUITests;
			productName = DesignPatternUITests;
			productReference = 64C5D315226FCE3400404D1F /* DesignPatternUITests.xctest */;
			productType = "com.apple.product-type.bundle.ui-testing";
		};
/* End PBXNativeTarget section */

/* Begin PBXProject section */
		64C5D2EA226FCE3200404D1F /* Project object */ = {
			isa = PBXProject;
			attributes = {
				LastUpgradeCheck = 1020;
				ORGANIZATIONNAME = "法正磊";
				TargetAttributes = {
					64C5D2F1226FCE3200404D1F = {
						CreatedOnToolsVersion = 10.2.1;
					};
					64C5D309226FCE3400404D1F = {
						CreatedOnToolsVersion = 10.2.1;
						TestTargetID = 64C5D2F1226FCE3200404D1F;
					};
					64C5D314226FCE3400404D1F = {
						CreatedOnToolsVersion = 10.2.1;
						TestTargetID = 64C5D2F1226FCE3200404D1F;
					};
				};
			};
			buildConfigurationList = 64C5D2ED226FCE3200404D1F /* Build configuration list for PBXProject "DesignPattern" */;
			compatibilityVersion = "Xcode 9.3";
			developmentRegion = en;
			hasScannedForEncodings = 0;
			knownRegions = (
				en,
				Base,
			);
			mainGroup = 64C5D2E9226FCE3200404D1F;
			productRefGroup = 64C5D2F3226FCE3200404D1F /* Products */;
			projectDirPath = "";
			projectRoot = "";
			targets = (
				64C5D2F1226FCE3200404D1F /* DesignPattern */,
				64C5D309226FCE3400404D1F /* DesignPatternTests */,
				64C5D314226FCE3400404D1F /* DesignPatternUITests */,
			);
		};
/* End PBXProject section */

/* Begin PBXResourcesBuildPhase section */
		64C5D2F0226FCE3200404D1F /* Resources */ = {
			isa = PBXResourcesBuildPhase;
			buildActionMask = 2147483647;
			files = (
				64C5D302226FCE3400404D1F /* LaunchScreen.storyboard in Resources */,
				64C5D2FF226FCE3400404D1F /* Assets.xcassets in Resources */,
				64C5D2FD226FCE3200404D1F /* Main.storyboard in Resources */,
			);
			runOnlyForDeploymentPostprocessing = 0;
		};
		64C5D308226FCE3400404D1F /* Resources */ = {
			isa = PBXResourcesBuildPhase;
			buildActionMask = 2147483647;
			files = (
			);
			runOnlyForDeploymentPostprocessing = 0;
		};
		64C5D313226FCE3400404D1F /* Resources */ = {
			isa = PBXResourcesBuildPhase;
			buildActionMask = 2147483647;
			files = (
			);
			runOnlyForDeploymentPostprocessing = 0;
		};
/* End PBXResourcesBuildPhase section */

/* Begin PBXSourcesBuildPhase section */
		64C5D2EE226FCE3200404D1F /* Sources */ = {
			isa = PBXSourcesBuildPhase;
			buildActionMask = 2147483647;
			files = (
				64C5D2FA226FCE3200404D1F /* ViewController.m in Sources */,
				64C5D305226FCE3400404D1F /* main.m in Sources */,
				64C5D2F7226FCE3200404D1F /* AppDelegate.m in Sources */,
				64C5D32E226FD11300404D1F /* CombinationDot.m in Sources */,
				64C5D32B226FD0A200404D1F /* CombinationVertex.m in Sources */,
				64C5D331226FD12D00404D1F /* CombinationStroke.m in Sources */,
			);
			runOnlyForDeploymentPostprocessing = 0;
		};
		64C5D306226FCE3400404D1F /* Sources */ = {
			isa = PBXSourcesBuildPhase;
			buildActionMask = 2147483647;
			files = (
				64C5D30F226FCE3400404D1F /* DesignPatternTests.m in Sources */,
			);
			runOnlyForDeploymentPostprocessing = 0;
		};
		64C5D311226FCE3400404D1F /* Sources */ = {
			isa = PBXSourcesBuildPhase;
			buildActionMask = 2147483647;
			files = (
				64C5D31A226FCE3400404D1F /* DesignPatternUITests.m in Sources */,
			);
			runOnlyForDeploymentPostprocessing = 0;
		};
/* End PBXSourcesBuildPhase section */

/* Begin PBXTargetDependency section */
		64C5D30C226FCE3400404D1F /* PBXTargetDependency */ = {
			isa = PBXTargetDependency;
			target = 64C5D2F1226FCE3200404D1F /* DesignPattern */;
			targetProxy = 64C5D30B226FCE3400404D1F /* PBXContainerItemProxy */;
		};
		64C5D317226FCE3400404D1F /* PBXTargetDependency */ = {
			isa = PBXTargetDependency;
			target = 64C5D2F1226FCE3200404D1F /* DesignPattern */;
			targetProxy = 64C5D316226FCE3400404D1F /* PBXContainerItemProxy */;
		};
/* End PBXTargetDependency section */

/* Begin PBXVariantGroup section */
		64C5D2FB226FCE3200404D1F /* Main.storyboard */ = {
			isa = PBXVariantGroup;
			children = (
				64C5D2FC226FCE3200404D1F /* Base */,
			);
			name = Main.storyboard;
			sourceTree = "<group>";
		};
		64C5D300226FCE3400404D1F /* LaunchScreen.storyboard */ = {
			isa = PBXVariantGroup;
			children = (
				64C5D301226FCE3400404D1F /* Base */,
			);
			name = LaunchScreen.storyboard;
			sourceTree = "<group>";
		};
/* End PBXVariantGroup section */

/* Begin XCBuildConfiguration section */
		64C5D31C226FCE3400404D1F /* Debug */ = {
			isa = XCBuildConfiguration;
			buildSettings = {
				ALWAYS_SEARCH_USER_PATHS = NO;
				CLANG_ANALYZER_NONNULL = YES;
				CLANG_ANALYZER_NUMBER_OBJECT_CONVERSION = YES_AGGRESSIVE;
				CLANG_CXX_LANGUAGE_STANDARD = "gnu++14";
				CLANG_CXX_LIBRARY = "libc++";
				CLANG_ENABLE_MODULES = YES;
				CLANG_ENABLE_OBJC_ARC = YES;
				CLANG_ENABLE_OBJC_WEAK = YES;
				CLANG_WARN_BLOCK_CAPTURE_AUTORELEASING = YES;
				CLANG_WARN_BOOL_CONVERSION = YES;
				CLANG_WARN_COMMA = YES;
				CLANG_WARN_CONSTANT_CONVERSION = YES;
				CLANG_WARN_DEPRECATED_OBJC_IMPLEMENTATIONS = YES;
				CLANG_WARN_DIRECT_OBJC_ISA_USAGE = YES_ERROR;
				CLANG_WARN_DOCUMENTATION_COMMENTS = YES;
				CLANG_WARN_EMPTY_BODY = YES;
				CLANG_WARN_ENUM_CONVERSION = YES;
				CLANG_WARN_INFINITE_RECURSION = YES;
				CLANG_WARN_INT_CONVERSION = YES;
				CLANG_WARN_NON_LITERAL_NULL_CONVERSION = YES;
				CLANG_WARN_OBJC_IMPLICIT_RETAIN_SELF = YES;
				CLANG_WARN_OBJC_LITERAL_CONVERSION = YES;
				CLANG_WARN_OBJC_ROOT_CLASS = YES_ERROR;
				CLANG_WARN_RANGE_LOOP_ANALYSIS = YES;
				CLANG_WARN_STRICT_PROTOTYPES = YES;
				CLANG_WARN_SUSPICIOUS_MOVE = YES;
				CLANG_WARN_UNGUARDED_AVAILABILITY = YES_AGGRESSIVE;
				CLANG_WARN_UNREACHABLE_CODE = YES;
				CLANG_WARN__DUPLICATE_METHOD_MATCH = YES;
				CODE_SIGN_IDENTITY = "iPhone Developer";
				COPY_PHASE_STRIP = NO;
				DEBUG_INFORMATION_FORMAT = dwarf;
				ENABLE_STRICT_OBJC_MSGSEND = YES;
				ENABLE_TESTABILITY = YES;
				GCC_C_LANGUAGE_STANDARD = gnu11;
				GCC_DYNAMIC_NO_PIC = NO;
				GCC_NO_COMMON_BLOCKS = YES;
				GCC_OPTIMIZATION_LEVEL = 0;
				GCC_PREPROCESSOR_DEFINITIONS = (
					"DEBUG=1",
					"$(inherited)",
				);
				GCC_WARN_64_TO_32_BIT_CONVERSION = YES;
				GCC_WARN_ABOUT_RETURN_TYPE = YES_ERROR;
				GCC_WARN_UNDECLARED_SELECTOR = YES;
				GCC_WARN_UNINITIALIZED_AUTOS = YES_AGGRESSIVE;
				GCC_WARN_UNUSED_FUNCTION = YES;
				GCC_WARN_UNUSED_VARIABLE = YES;
				IPHONEOS_DEPLOYMENT_TARGET = 12.2;
				MTL_ENABLE_DEBUG_INFO = INCLUDE_SOURCE;
				MTL_FAST_MATH = YES;
				ONLY_ACTIVE_ARCH = YES;
				SDKROOT = iphoneos;
			};
			name = Debug;
		};
		64C5D31D226FCE3400404D1F /* Release */ = {
			isa = XCBuildConfiguration;
			buildSettings = {
				ALWAYS_SEARCH_USER_PATHS = NO;
				CLANG_ANALYZER_NONNULL = YES;
				CLANG_ANALYZER_NUMBER_OBJECT_CONVERSION = YES_AGGRESSIVE;
				CLANG_CXX_LANGUAGE_STANDARD = "gnu++14";
				CLANG_CXX_LIBRARY = "libc++";
				CLANG_ENABLE_MODULES = YES;
				CLANG_ENABLE_OBJC_ARC = YES;
				CLANG_ENABLE_OBJC_WEAK = YES;
				CLANG_WARN_BLOCK_CAPTURE_AUTORELEASING = YES;
				CLANG_WARN_BOOL_CONVERSION = YES;
				CLANG_WARN_COMMA = YES;
				CLANG_WARN_CONSTANT_CONVERSION = YES;
				CLANG_WARN_DEPRECATED_OBJC_IMPLEMENTATIONS = YES;
				CLANG_WARN_DIRECT_OBJC_ISA_USAGE = YES_ERROR;
				CLANG_WARN_DOCUMENTATION_COMMENTS = YES;
				CLANG_WARN_EMPTY_BODY = YES;
				CLANG_WARN_ENUM_CONVERSION = YES;
				CLANG_WARN_INFINITE_RECURSION = YES;
				CLANG_WARN_INT_CONVERSION = YES;
				CLANG_WARN_NON_LITERAL_NULL_CONVERSION = YES;
				CLANG_WARN_OBJC_IMPLICIT_RETAIN_SELF = YES;
				CLANG_WARN_OBJC_LITERAL_CONVERSION = YES;
				CLANG_WARN_OBJC_ROOT_CLASS = YES_ERROR;
				CLANG_WARN_RANGE_LOOP_ANALYSIS = YES;
				CLANG_WARN_STRICT_PROTOTYPES = YES;
				CLANG_WARN_SUSPICIOUS_MOVE = YES;
				CLANG_WARN_UNGUARDED_AVAILABILITY = YES_AGGRESSIVE;
				CLANG_WARN_UNREACHABLE_CODE = YES;
				CLANG_WARN__DUPLICATE_METHOD_MATCH = YES;
				CODE_SIGN_IDENTITY = "iPhone Developer";
				COPY_PHASE_STRIP = NO;
				DEBUG_INFORMATION_FORMAT = "dwarf-with-dsym";
				ENABLE_NS_ASSERTIONS = NO;
				ENABLE_STRICT_OBJC_MSGSEND = YES;
				GCC_C_LANGUAGE_STANDARD = gnu11;
				GCC_NO_COMMON_BLOCKS = YES;
				GCC_WARN_64_TO_32_BIT_CONVERSION = YES;
				GCC_WARN_ABOUT_RETURN_TYPE = YES_ERROR;
				GCC_WARN_UNDECLARED_SELECTOR = YES;
				GCC_WARN_UNINITIALIZED_AUTOS = YES_AGGRESSIVE;
				GCC_WARN_UNUSED_FUNCTION = YES;
				GCC_WARN_UNUSED_VARIABLE = YES;
				IPHONEOS_DEPLOYMENT_TARGET = 12.2;
				MTL_ENABLE_DEBUG_INFO = NO;
				MTL_FAST_MATH = YES;
				SDKROOT = iphoneos;
				VALIDATE_PRODUCT = YES;
			};
			name = Release;
		};
		64C5D31F226FCE3400404D1F /* Debug */ = {
			isa = XCBuildConfiguration;
			buildSettings = {
				ASSETCATALOG_COMPILER_APPICON_NAME = AppIcon;
				CODE_SIGN_STYLE = Automatic;
				DEVELOPMENT_TEAM = XS8JSWV5LR;
				INFOPLIST_FILE = DesignPattern/Info.plist;
				LD_RUNPATH_SEARCH_PATHS = (
					"$(inherited)",
					"@executable_path/Frameworks",
				);
				PRODUCT_BUNDLE_IDENTIFIER = com.fafa.DesignPattern;
				PRODUCT_NAME = "$(TARGET_NAME)";
				TARGETED_DEVICE_FAMILY = "1,2";
			};
			name = Debug;
		};
		64C5D320226FCE3400404D1F /* Release */ = {
			isa = XCBuildConfiguration;
			buildSettings = {
				ASSETCATALOG_COMPILER_APPICON_NAME = AppIcon;
				CODE_SIGN_STYLE = Automatic;
				DEVELOPMENT_TEAM = XS8JSWV5LR;
				INFOPLIST_FILE = DesignPattern/Info.plist;
				LD_RUNPATH_SEARCH_PATHS = (
					"$(inherited)",
					"@executable_path/Frameworks",
				);
				PRODUCT_BUNDLE_IDENTIFIER = com.fafa.DesignPattern;
				PRODUCT_NAME = "$(TARGET_NAME)";
				TARGETED_DEVICE_FAMILY = "1,2";
			};
			name = Release;
		};
		64C5D322226FCE3400404D1F /* Debug */ = {
			isa = XCBuildConfiguration;
			buildSettings = {
				BUNDLE_LOADER = "$(TEST_HOST)";
				CODE_SIGN_STYLE = Automatic;
				DEVELOPMENT_TEAM = XS8JSWV5LR;
				INFOPLIST_FILE = DesignPatternTests/Info.plist;
				LD_RUNPATH_SEARCH_PATHS = (
					"$(inherited)",
					"@executable_path/Frameworks",
					"@loader_path/Frameworks",
				);
				PRODUCT_BUNDLE_IDENTIFIER = com.fafa.DesignPatternTests;
				PRODUCT_NAME = "$(TARGET_NAME)";
				TARGETED_DEVICE_FAMILY = "1,2";
				TEST_HOST = "$(BUILT_PRODUCTS_DIR)/DesignPattern.app/DesignPattern";
			};
			name = Debug;
		};
		64C5D323226FCE3400404D1F /* Release */ = {
			isa = XCBuildConfiguration;
			buildSettings = {
				BUNDLE_LOADER = "$(TEST_HOST)";
				CODE_SIGN_STYLE = Automatic;
				DEVELOPMENT_TEAM = XS8JSWV5LR;
				INFOPLIST_FILE = DesignPatternTests/Info.plist;
				LD_RUNPATH_SEARCH_PATHS = (
					"$(inherited)",
					"@executable_path/Frameworks",
					"@loader_path/Frameworks",
				);
				PRODUCT_BUNDLE_IDENTIFIER = com.fafa.DesignPatternTests;
				PRODUCT_NAME = "$(TARGET_NAME)";
				TARGETED_DEVICE_FAMILY = "1,2";
				TEST_HOST = "$(BUILT_PRODUCTS_DIR)/DesignPattern.app/DesignPattern";
			};
			name = Release;
		};
		64C5D325226FCE3400404D1F /* Debug */ = {
			isa = XCBuildConfiguration;
			buildSettings = {
				CODE_SIGN_STYLE = Automatic;
				DEVELOPMENT_TEAM = XS8JSWV5LR;
				INFOPLIST_FILE = DesignPatternUITests/Info.plist;
				LD_RUNPATH_SEARCH_PATHS = (
					"$(inherited)",
					"@executable_path/Frameworks",
					"@loader_path/Frameworks",
				);
				PRODUCT_BUNDLE_IDENTIFIER = com.fafa.DesignPatternUITests;
				PRODUCT_NAME = "$(TARGET_NAME)";
				TARGETED_DEVICE_FAMILY = "1,2";
				TEST_TARGET_NAME = DesignPattern;
			};
			name = Debug;
		};
		64C5D326226FCE3400404D1F /* Release */ = {
			isa = XCBuildConfiguration;
			buildSettings = {
				CODE_SIGN_STYLE = Automatic;
				DEVELOPMENT_TEAM = XS8JSWV5LR;
				INFOPLIST_FILE = DesignPatternUITests/Info.plist;
				LD_RUNPATH_SEARCH_PATHS = (
					"$(inherited)",
					"@executable_path/Frameworks",
					"@loader_path/Frameworks",
				);
				PRODUCT_BUNDLE_IDENTIFIER = com.fafa.DesignPatternUITests;
				PRODUCT_NAME = "$(TARGET_NAME)";
				TARGETED_DEVICE_FAMILY = "1,2";
				TEST_TARGET_NAME = DesignPattern;
			};
			name = Release;
		};
/* End XCBuildConfiguration section */

/* Begin XCConfigurationList section */
		64C5D2ED226FCE3200404D1F /* Build configuration list for PBXProject "DesignPattern" */ = {
			isa = XCConfigurationList;
			buildConfigurations = (
				64C5D31C226FCE3400404D1F /* Debug */,
				64C5D31D226FCE3400404D1F /* Release */,
			);
			defaultConfigurationIsVisible = 0;
			defaultConfigurationName = Release;
		};
		64C5D31E226FCE3400404D1F /* Build configuration list for PBXNativeTarget "DesignPattern" */ = {
			isa = XCConfigurationList;
			buildConfigurations = (
				64C5D31F226FCE3400404D1F /* Debug */,
				64C5D320226FCE3400404D1F /* Release */,
			);
			defaultConfigurationIsVisible = 0;
			defaultConfigurationName = Release;
		};
		64C5D321226FCE3400404D1F /* Build configuration list for PBXNativeTarget "DesignPatternTests" */ = {
			isa = XCConfigurationList;
			buildConfigurations = (
				64C5D322226FCE3400404D1F /* Debug */,
				64C5D323226FCE3400404D1F /* Release */,
			);
			defaultConfigurationIsVisible = 0;
			defaultConfigurationName = Release;
		};
		64C5D324226FCE3400404D1F /* Build configuration list for PBXNativeTarget "DesignPatternUITests" */ = {
			isa = XCConfigurationList;
			buildConfigurations = (
				64C5D325226FCE3400404D1F /* Debug */,
				64C5D326226FCE3400404D1F /* Release */,
			);
			defaultConfigurationIsVisible = 0;
			defaultConfigurationName = Release;
		};
/* End XCConfigurationList section */
	};
	rootObject = 64C5D2EA226FCE3200404D1F /* Project object */;
}
